
Microsoft Visual Studio Solution File, Format Version 12.00
# Visual Studio 2012
Project("{FAE04EC0-301F-11D3-BF4B-00C04F79EFBC}") = "win-client", "win-client.csproj", "{D47ED1EB-2327-4D35-97D5-42FC6239B925}"
	ProjectSection(ProjectDependencies) = postProject
		{7FECBFDC-00CC-46C9-94EE-948155ACEE9D} = {7FECBFDC-00CC-46C9-94EE-948155ACEE9D}
	EndProjectSection
EndProject
Project("{FAE04EC0-301F-11D3-BF4B-00C04F79EFBC}") = "Dialog.Abstractions.Wpf", "Dialog.Abstractions.Wpf\Dialog.Abstractions.Wpf.csproj", "{3697919F-7A1E-43BA-BFDB-3EEC2553DD44}"
EndProject
Project("{FAE04EC0-301F-11D3-BF4B-00C04F79EFBC}") = "Dialog.Implementors.Wpf", "Dialog.Implementors.Wpf\Dialog.Implementors.Wpf.csproj", "{D873958B-87F4-46F6-A6E8-B72FFB08835F}"
EndProject
Project("{FAE04EC0-301F-11D3-BF4B-00C04F79EFBC}") = "CloudSdkPublic", "CloudApiPublic\CloudSdkPublic.csproj", "{CBFD5A87-0104-472C-8411-95DA030CDE6E}"
EndProject
Project("{FAE04EC0-301F-11D3-BF4B-00C04F79EFBC}") = "BadgeNET", "BadgeNET\BadgeNET.csproj", "{77014147-1A34-4BF6-8FC4-3C85984F8E2E}"
EndProject
Project("{8BC9CEB8-8B4A-11D0-8D11-00A0C91BC942}") = "BadgeCOM", "BadgeCOM\BadgeCOM.vcxproj", "{84373324-5261-45D7-AA92-5C4A88C07233}"
EndProject
Project("{8BC9CEB8-8B4A-11D0-8D11-00A0C91BC942}") = "BadgeCOMPS", "BadgeCOM\BadgeCOMPS.vcxproj", "{BDF56BB0-87A9-4B68-81D2-9E9435CD3AF5}"
EndProject
Project("{FAE04EC0-301F-11D3-BF4B-00C04F79EFBC}") = "CloudApiPrivate", "CloudApiPrivate\CloudApiPrivate.csproj", "{02780AC8-0096-407A-B2D4-2AB98821EA47}"
EndProject
Project("{FAE04EC0-301F-11D3-BF4B-00C04F79EFBC}") = "FileMonitor", "FileMonitor\FileMonitor.csproj", "{DFE16278-70B2-4B6C-84C0-1D41B04BEBDE}"
EndProject
Project("{FAE04EC0-301F-11D3-BF4B-00C04F79EFBC}") = "SQLIndexer", "SQLIndexer\SQLIndexer.csproj", "{5EA44F8A-A8FF-48AB-B6F6-C523793E342E}"
EndProject
Project("{FAE04EC0-301F-11D3-BF4B-00C04F79EFBC}") = "Sync", "Sync\Sync.csproj", "{45E4664C-C207-4605-AF85-54B587819107}"
EndProject
Project("{6141683F-8A12-4E36-9623-2EB02B2C2303}") = "CloudSetup", "CloudSetup\CloudSetup.isproj", "{83CA3DB8-0155-4F9E-8DDA-35AA9098E7A8}"
	ProjectSection(ProjectDependencies) = postProject
		{3697919F-7A1E-43BA-BFDB-3EEC2553DD44} = {3697919F-7A1E-43BA-BFDB-3EEC2553DD44}
	EndProjectSection
EndProject
Project("{FAE04EC0-301F-11D3-BF4B-00C04F79EFBC}") = "RegisterCom", "RegisterCom\RegisterCom.csproj", "{7FECBFDC-00CC-46C9-94EE-948155ACEE9D}"
EndProject
Global
	GlobalSection(SolutionConfigurationPlatforms) = preSolution
		CD_ROM|Any CPU = CD_ROM|Any CPU
		CD_ROM|Mixed Platforms = CD_ROM|Mixed Platforms
		CD_ROM|Win32 = CD_ROM|Win32
		CD_ROM|x64 = CD_ROM|x64
		DVD-5|Any CPU = DVD-5|Any CPU
		DVD-5|Mixed Platforms = DVD-5|Mixed Platforms
		DVD-5|Win32 = DVD-5|Win32
		DVD-5|x64 = DVD-5|x64
		Debug64|Any CPU = Debug64|Any CPU
		Debug64|Mixed Platforms = Debug64|Mixed Platforms
		Debug64|Win32 = Debug64|Win32
		Debug64|x64 = Debug64|x64
		DebugARM|Any CPU = DebugARM|Any CPU
		DebugARM|Mixed Platforms = DebugARM|Mixed Platforms
		DebugARM|Win32 = DebugARM|Win32
		DebugARM|x64 = DebugARM|x64
		DebugItanium|Any CPU = DebugItanium|Any CPU
		DebugItanium|Mixed Platforms = DebugItanium|Mixed Platforms
		DebugItanium|Win32 = DebugItanium|Win32
		DebugItanium|x64 = DebugItanium|x64
		Debug|Any CPU = Debug|Any CPU
		Debug|Mixed Platforms = Debug|Mixed Platforms
		Debug|Win32 = Debug|Win32
		Debug|x64 = Debug|x64
		Release64|Any CPU = Release64|Any CPU
		Release64|Mixed Platforms = Release64|Mixed Platforms
		Release64|Win32 = Release64|Win32
		Release64|x64 = Release64|x64
		ReleaseARM|Any CPU = ReleaseARM|Any CPU
		ReleaseARM|Mixed Platforms = ReleaseARM|Mixed Platforms
		ReleaseARM|Win32 = ReleaseARM|Win32
		ReleaseARM|x64 = ReleaseARM|x64
		ReleaseItanium|Any CPU = ReleaseItanium|Any CPU
		ReleaseItanium|Mixed Platforms = ReleaseItanium|Mixed Platforms
		ReleaseItanium|Win32 = ReleaseItanium|Win32
		ReleaseItanium|x64 = ReleaseItanium|x64
		Release|Any CPU = Release|Any CPU
		Release|Mixed Platforms = Release|Mixed Platforms
		Release|Win32 = Release|Win32
		Release|x64 = Release|x64
		SingleImage|Any CPU = SingleImage|Any CPU
		SingleImage|Mixed Platforms = SingleImage|Mixed Platforms
		SingleImage|Win32 = SingleImage|Win32
		SingleImage|x64 = SingleImage|x64
	EndGlobalSection
	GlobalSection(ProjectConfigurationPlatforms) = postSolution
		{02780AC8-0096-407A-B2D4-2AB98821EA47}.CD_ROM|Any CPU.ActiveCfg = Release|Any CPU
		{02780AC8-0096-407A-B2D4-2AB98821EA47}.CD_ROM|Any CPU.Build.0 = Release|Any CPU
		{02780AC8-0096-407A-B2D4-2AB98821EA47}.CD_ROM|Mixed Platforms.ActiveCfg = Release|Any CPU
		{02780AC8-0096-407A-B2D4-2AB98821EA47}.CD_ROM|Mixed Platforms.Build.0 = Release|Any CPU
		{02780AC8-0096-407A-B2D4-2AB98821EA47}.CD_ROM|Win32.ActiveCfg = Release|Any CPU
		{02780AC8-0096-407A-B2D4-2AB98821EA47}.CD_ROM|x64.ActiveCfg = Release|Any CPU
		{02780AC8-0096-407A-B2D4-2AB98821EA47}.DVD-5|Any CPU.ActiveCfg = Debug|Any CPU
		{02780AC8-0096-407A-B2D4-2AB98821EA47}.DVD-5|Any CPU.Build.0 = Debug|Any CPU
		{02780AC8-0096-407A-B2D4-2AB98821EA47}.DVD-5|Mixed Platforms.ActiveCfg = Debug|Any CPU
		{02780AC8-0096-407A-B2D4-2AB98821EA47}.DVD-5|Mixed Platforms.Build.0 = Debug|Any CPU
		{02780AC8-0096-407A-B2D4-2AB98821EA47}.DVD-5|Win32.ActiveCfg = Debug|Any CPU
		{02780AC8-0096-407A-B2D4-2AB98821EA47}.DVD-5|x64.ActiveCfg = Debug|Any CPU
		{02780AC8-0096-407A-B2D4-2AB98821EA47}.Debug64|Any CPU.ActiveCfg = Debug|Any CPU
		{02780AC8-0096-407A-B2D4-2AB98821EA47}.Debug64|Any CPU.Build.0 = Debug|Any CPU
		{02780AC8-0096-407A-B2D4-2AB98821EA47}.Debug64|Mixed Platforms.ActiveCfg = Debug|Any CPU
		{02780AC8-0096-407A-B2D4-2AB98821EA47}.Debug64|Mixed Platforms.Build.0 = Debug|Any CPU
		{02780AC8-0096-407A-B2D4-2AB98821EA47}.Debug64|Win32.ActiveCfg = Debug|Any CPU
		{02780AC8-0096-407A-B2D4-2AB98821EA47}.Debug64|x64.ActiveCfg = Debug|Any CPU
		{02780AC8-0096-407A-B2D4-2AB98821EA47}.DebugARM|Any CPU.ActiveCfg = Debug|Any CPU
		{02780AC8-0096-407A-B2D4-2AB98821EA47}.DebugARM|Any CPU.Build.0 = Debug|Any CPU
		{02780AC8-0096-407A-B2D4-2AB98821EA47}.DebugARM|Mixed Platforms.ActiveCfg = Debug|Any CPU
		{02780AC8-0096-407A-B2D4-2AB98821EA47}.DebugARM|Mixed Platforms.Build.0 = Debug|Any CPU
		{02780AC8-0096-407A-B2D4-2AB98821EA47}.DebugARM|Win32.ActiveCfg = Debug|Any CPU
		{02780AC8-0096-407A-B2D4-2AB98821EA47}.DebugARM|x64.ActiveCfg = Debug|Any CPU
		{02780AC8-0096-407A-B2D4-2AB98821EA47}.DebugItanium|Any CPU.ActiveCfg = Debug|Any CPU
		{02780AC8-0096-407A-B2D4-2AB98821EA47}.DebugItanium|Any CPU.Build.0 = Debug|Any CPU
		{02780AC8-0096-407A-B2D4-2AB98821EA47}.DebugItanium|Mixed Platforms.ActiveCfg = Debug|Any CPU
		{02780AC8-0096-407A-B2D4-2AB98821EA47}.DebugItanium|Mixed Platforms.Build.0 = Debug|Any CPU
		{02780AC8-0096-407A-B2D4-2AB98821EA47}.DebugItanium|Win32.ActiveCfg = Debug|Any CPU
		{02780AC8-0096-407A-B2D4-2AB98821EA47}.DebugItanium|x64.ActiveCfg = Debug|Any CPU
		{02780AC8-0096-407A-B2D4-2AB98821EA47}.Debug|Any CPU.ActiveCfg = Debug|Any CPU
		{02780AC8-0096-407A-B2D4-2AB98821EA47}.Debug|Any CPU.Build.0 = Debug|Any CPU
		{02780AC8-0096-407A-B2D4-2AB98821EA47}.Debug|Mixed Platforms.ActiveCfg = Debug|Any CPU
		{02780AC8-0096-407A-B2D4-2AB98821EA47}.Debug|Mixed Platforms.Build.0 = Debug|Any CPU
		{02780AC8-0096-407A-B2D4-2AB98821EA47}.Debug|Win32.ActiveCfg = Debug|Any CPU
		{02780AC8-0096-407A-B2D4-2AB98821EA47}.Debug|x64.ActiveCfg = Debug|Any CPU
		{02780AC8-0096-407A-B2D4-2AB98821EA47}.Release64|Any CPU.ActiveCfg = Release|Any CPU
		{02780AC8-0096-407A-B2D4-2AB98821EA47}.Release64|Any CPU.Build.0 = Release|Any CPU
		{02780AC8-0096-407A-B2D4-2AB98821EA47}.Release64|Mixed Platforms.ActiveCfg = Release|Any CPU
		{02780AC8-0096-407A-B2D4-2AB98821EA47}.Release64|Mixed Platforms.Build.0 = Release|Any CPU
		{02780AC8-0096-407A-B2D4-2AB98821EA47}.Release64|Win32.ActiveCfg = Release|Any CPU
		{02780AC8-0096-407A-B2D4-2AB98821EA47}.Release64|x64.ActiveCfg = Release|Any CPU
		{02780AC8-0096-407A-B2D4-2AB98821EA47}.ReleaseARM|Any CPU.ActiveCfg = Release|Any CPU
		{02780AC8-0096-407A-B2D4-2AB98821EA47}.ReleaseARM|Any CPU.Build.0 = Release|Any CPU
		{02780AC8-0096-407A-B2D4-2AB98821EA47}.ReleaseARM|Mixed Platforms.ActiveCfg = Release|Any CPU
		{02780AC8-0096-407A-B2D4-2AB98821EA47}.ReleaseARM|Mixed Platforms.Build.0 = Release|Any CPU
		{02780AC8-0096-407A-B2D4-2AB98821EA47}.ReleaseARM|Win32.ActiveCfg = Release|Any CPU
		{02780AC8-0096-407A-B2D4-2AB98821EA47}.ReleaseARM|x64.ActiveCfg = Release|Any CPU
		{02780AC8-0096-407A-B2D4-2AB98821EA47}.ReleaseItanium|Any CPU.ActiveCfg = Release|Any CPU
		{02780AC8-0096-407A-B2D4-2AB98821EA47}.ReleaseItanium|Any CPU.Build.0 = Release|Any CPU
		{02780AC8-0096-407A-B2D4-2AB98821EA47}.ReleaseItanium|Mixed Platforms.ActiveCfg = Release|Any CPU
		{02780AC8-0096-407A-B2D4-2AB98821EA47}.ReleaseItanium|Mixed Platforms.Build.0 = Release|Any CPU
		{02780AC8-0096-407A-B2D4-2AB98821EA47}.ReleaseItanium|Win32.ActiveCfg = Release|Any CPU
		{02780AC8-0096-407A-B2D4-2AB98821EA47}.ReleaseItanium|x64.ActiveCfg = Release|Any CPU
		{02780AC8-0096-407A-B2D4-2AB98821EA47}.Release|Any CPU.ActiveCfg = Release|Any CPU
		{02780AC8-0096-407A-B2D4-2AB98821EA47}.Release|Any CPU.Build.0 = Release|Any CPU
		{02780AC8-0096-407A-B2D4-2AB98821EA47}.Release|Mixed Platforms.ActiveCfg = Release|Any CPU
		{02780AC8-0096-407A-B2D4-2AB98821EA47}.Release|Mixed Platforms.Build.0 = Release|Any CPU
		{02780AC8-0096-407A-B2D4-2AB98821EA47}.Release|Win32.ActiveCfg = Release|Any CPU
		{02780AC8-0096-407A-B2D4-2AB98821EA47}.Release|x64.ActiveCfg = Release|Any CPU
		{02780AC8-0096-407A-B2D4-2AB98821EA47}.SingleImage|Any CPU.ActiveCfg = Release|Any CPU
		{02780AC8-0096-407A-B2D4-2AB98821EA47}.SingleImage|Any CPU.Build.0 = Release|Any CPU
		{02780AC8-0096-407A-B2D4-2AB98821EA47}.SingleImage|Mixed Platforms.ActiveCfg = Release|Any CPU
		{02780AC8-0096-407A-B2D4-2AB98821EA47}.SingleImage|Mixed Platforms.Build.0 = Release|Any CPU
		{02780AC8-0096-407A-B2D4-2AB98821EA47}.SingleImage|Win32.ActiveCfg = Release|Any CPU
		{02780AC8-0096-407A-B2D4-2AB98821EA47}.SingleImage|x64.ActiveCfg = Release|Any CPU
		{3697919F-7A1E-43BA-BFDB-3EEC2553DD44}.CD_ROM|Any CPU.ActiveCfg = Release|Any CPU
		{3697919F-7A1E-43BA-BFDB-3EEC2553DD44}.CD_ROM|Any CPU.Build.0 = Release|Any CPU
		{3697919F-7A1E-43BA-BFDB-3EEC2553DD44}.CD_ROM|Mixed Platforms.ActiveCfg = Release|Any CPU
		{3697919F-7A1E-43BA-BFDB-3EEC2553DD44}.CD_ROM|Mixed Platforms.Build.0 = Release|Any CPU
		{3697919F-7A1E-43BA-BFDB-3EEC2553DD44}.CD_ROM|Win32.ActiveCfg = Release|Any CPU
		{3697919F-7A1E-43BA-BFDB-3EEC2553DD44}.CD_ROM|x64.ActiveCfg = Release|Any CPU
		{3697919F-7A1E-43BA-BFDB-3EEC2553DD44}.DVD-5|Any CPU.ActiveCfg = Debug|Any CPU
		{3697919F-7A1E-43BA-BFDB-3EEC2553DD44}.DVD-5|Any CPU.Build.0 = Debug|Any CPU
		{3697919F-7A1E-43BA-BFDB-3EEC2553DD44}.DVD-5|Mixed Platforms.ActiveCfg = Debug|Any CPU
		{3697919F-7A1E-43BA-BFDB-3EEC2553DD44}.DVD-5|Mixed Platforms.Build.0 = Debug|Any CPU
		{3697919F-7A1E-43BA-BFDB-3EEC2553DD44}.DVD-5|Win32.ActiveCfg = Debug|Any CPU
		{3697919F-7A1E-43BA-BFDB-3EEC2553DD44}.DVD-5|x64.ActiveCfg = Debug|Any CPU
		{3697919F-7A1E-43BA-BFDB-3EEC2553DD44}.Debug64|Any CPU.ActiveCfg = Debug|Any CPU
		{3697919F-7A1E-43BA-BFDB-3EEC2553DD44}.Debug64|Any CPU.Build.0 = Debug|Any CPU
		{3697919F-7A1E-43BA-BFDB-3EEC2553DD44}.Debug64|Mixed Platforms.ActiveCfg = Debug|Any CPU
		{3697919F-7A1E-43BA-BFDB-3EEC2553DD44}.Debug64|Mixed Platforms.Build.0 = Debug|Any CPU
		{3697919F-7A1E-43BA-BFDB-3EEC2553DD44}.Debug64|Win32.ActiveCfg = Debug|Any CPU
		{3697919F-7A1E-43BA-BFDB-3EEC2553DD44}.Debug64|x64.ActiveCfg = Debug|Any CPU
		{3697919F-7A1E-43BA-BFDB-3EEC2553DD44}.DebugARM|Any CPU.ActiveCfg = Debug|Any CPU
		{3697919F-7A1E-43BA-BFDB-3EEC2553DD44}.DebugARM|Any CPU.Build.0 = Debug|Any CPU
		{3697919F-7A1E-43BA-BFDB-3EEC2553DD44}.DebugARM|Mixed Platforms.ActiveCfg = Debug|Any CPU
		{3697919F-7A1E-43BA-BFDB-3EEC2553DD44}.DebugARM|Mixed Platforms.Build.0 = Debug|Any CPU
		{3697919F-7A1E-43BA-BFDB-3EEC2553DD44}.DebugARM|Win32.ActiveCfg = Debug|Any CPU
		{3697919F-7A1E-43BA-BFDB-3EEC2553DD44}.DebugARM|x64.ActiveCfg = Debug|Any CPU
		{3697919F-7A1E-43BA-BFDB-3EEC2553DD44}.DebugItanium|Any CPU.ActiveCfg = Debug|Any CPU
		{3697919F-7A1E-43BA-BFDB-3EEC2553DD44}.DebugItanium|Any CPU.Build.0 = Debug|Any CPU
		{3697919F-7A1E-43BA-BFDB-3EEC2553DD44}.DebugItanium|Mixed Platforms.ActiveCfg = Debug|Any CPU
		{3697919F-7A1E-43BA-BFDB-3EEC2553DD44}.DebugItanium|Mixed Platforms.Build.0 = Debug|Any CPU
		{3697919F-7A1E-43BA-BFDB-3EEC2553DD44}.DebugItanium|Win32.ActiveCfg = Debug|Any CPU
		{3697919F-7A1E-43BA-BFDB-3EEC2553DD44}.DebugItanium|x64.ActiveCfg = Debug|Any CPU
		{3697919F-7A1E-43BA-BFDB-3EEC2553DD44}.Debug|Any CPU.ActiveCfg = Debug|Any CPU
		{3697919F-7A1E-43BA-BFDB-3EEC2553DD44}.Debug|Any CPU.Build.0 = Debug|Any CPU
		{3697919F-7A1E-43BA-BFDB-3EEC2553DD44}.Debug|Mixed Platforms.ActiveCfg = Debug|Any CPU
		{3697919F-7A1E-43BA-BFDB-3EEC2553DD44}.Debug|Mixed Platforms.Build.0 = Debug|Any CPU
		{3697919F-7A1E-43BA-BFDB-3EEC2553DD44}.Debug|Win32.ActiveCfg = Debug|Any CPU
		{3697919F-7A1E-43BA-BFDB-3EEC2553DD44}.Debug|x64.ActiveCfg = Debug|Any CPU
		{3697919F-7A1E-43BA-BFDB-3EEC2553DD44}.Release64|Any CPU.ActiveCfg = Release|Any CPU
		{3697919F-7A1E-43BA-BFDB-3EEC2553DD44}.Release64|Any CPU.Build.0 = Release|Any CPU
		{3697919F-7A1E-43BA-BFDB-3EEC2553DD44}.Release64|Mixed Platforms.ActiveCfg = Release|Any CPU
		{3697919F-7A1E-43BA-BFDB-3EEC2553DD44}.Release64|Mixed Platforms.Build.0 = Release|Any CPU
		{3697919F-7A1E-43BA-BFDB-3EEC2553DD44}.Release64|Win32.ActiveCfg = Release|Any CPU
		{3697919F-7A1E-43BA-BFDB-3EEC2553DD44}.Release64|x64.ActiveCfg = Release|Any CPU
		{3697919F-7A1E-43BA-BFDB-3EEC2553DD44}.ReleaseARM|Any CPU.ActiveCfg = Release|Any CPU
		{3697919F-7A1E-43BA-BFDB-3EEC2553DD44}.ReleaseARM|Any CPU.Build.0 = Release|Any CPU
		{3697919F-7A1E-43BA-BFDB-3EEC2553DD44}.ReleaseARM|Mixed Platforms.ActiveCfg = Release|Any CPU
		{3697919F-7A1E-43BA-BFDB-3EEC2553DD44}.ReleaseARM|Mixed Platforms.Build.0 = Release|Any CPU
		{3697919F-7A1E-43BA-BFDB-3EEC2553DD44}.ReleaseARM|Win32.ActiveCfg = Release|Any CPU
		{3697919F-7A1E-43BA-BFDB-3EEC2553DD44}.ReleaseARM|x64.ActiveCfg = Release|Any CPU
		{3697919F-7A1E-43BA-BFDB-3EEC2553DD44}.ReleaseItanium|Any CPU.ActiveCfg = Release|Any CPU
		{3697919F-7A1E-43BA-BFDB-3EEC2553DD44}.ReleaseItanium|Any CPU.Build.0 = Release|Any CPU
		{3697919F-7A1E-43BA-BFDB-3EEC2553DD44}.ReleaseItanium|Mixed Platforms.ActiveCfg = Release|Any CPU
		{3697919F-7A1E-43BA-BFDB-3EEC2553DD44}.ReleaseItanium|Mixed Platforms.Build.0 = Release|Any CPU
		{3697919F-7A1E-43BA-BFDB-3EEC2553DD44}.ReleaseItanium|Win32.ActiveCfg = Release|Any CPU
		{3697919F-7A1E-43BA-BFDB-3EEC2553DD44}.ReleaseItanium|x64.ActiveCfg = Release|Any CPU
		{3697919F-7A1E-43BA-BFDB-3EEC2553DD44}.Release|Any CPU.ActiveCfg = Release|Any CPU
		{3697919F-7A1E-43BA-BFDB-3EEC2553DD44}.Release|Any CPU.Build.0 = Release|Any CPU
		{3697919F-7A1E-43BA-BFDB-3EEC2553DD44}.Release|Mixed Platforms.ActiveCfg = Release|Any CPU
		{3697919F-7A1E-43BA-BFDB-3EEC2553DD44}.Release|Mixed Platforms.Build.0 = Release|Any CPU
		{3697919F-7A1E-43BA-BFDB-3EEC2553DD44}.Release|Win32.ActiveCfg = Release|Any CPU
		{3697919F-7A1E-43BA-BFDB-3EEC2553DD44}.Release|x64.ActiveCfg = Release|Any CPU
		{3697919F-7A1E-43BA-BFDB-3EEC2553DD44}.SingleImage|Any CPU.ActiveCfg = Release|Any CPU
		{3697919F-7A1E-43BA-BFDB-3EEC2553DD44}.SingleImage|Any CPU.Build.0 = Release|Any CPU
		{3697919F-7A1E-43BA-BFDB-3EEC2553DD44}.SingleImage|Mixed Platforms.ActiveCfg = Release|Any CPU
		{3697919F-7A1E-43BA-BFDB-3EEC2553DD44}.SingleImage|Mixed Platforms.Build.0 = Release|Any CPU
		{3697919F-7A1E-43BA-BFDB-3EEC2553DD44}.SingleImage|Win32.ActiveCfg = Release|Any CPU
		{3697919F-7A1E-43BA-BFDB-3EEC2553DD44}.SingleImage|x64.ActiveCfg = Release|Any CPU
		{45E4664C-C207-4605-AF85-54B587819107}.CD_ROM|Any CPU.ActiveCfg = Release|Any CPU
		{45E4664C-C207-4605-AF85-54B587819107}.CD_ROM|Any CPU.Build.0 = Release|Any CPU
		{45E4664C-C207-4605-AF85-54B587819107}.CD_ROM|Mixed Platforms.ActiveCfg = Release|Any CPU
		{45E4664C-C207-4605-AF85-54B587819107}.CD_ROM|Mixed Platforms.Build.0 = Release|Any CPU
		{45E4664C-C207-4605-AF85-54B587819107}.CD_ROM|Win32.ActiveCfg = Release|Any CPU
		{45E4664C-C207-4605-AF85-54B587819107}.CD_ROM|x64.ActiveCfg = Release|Any CPU
		{45E4664C-C207-4605-AF85-54B587819107}.DVD-5|Any CPU.ActiveCfg = Debug|Any CPU
		{45E4664C-C207-4605-AF85-54B587819107}.DVD-5|Any CPU.Build.0 = Debug|Any CPU
		{45E4664C-C207-4605-AF85-54B587819107}.DVD-5|Mixed Platforms.ActiveCfg = Debug|Any CPU
		{45E4664C-C207-4605-AF85-54B587819107}.DVD-5|Mixed Platforms.Build.0 = Debug|Any CPU
		{45E4664C-C207-4605-AF85-54B587819107}.DVD-5|Win32.ActiveCfg = Debug|Any CPU
		{45E4664C-C207-4605-AF85-54B587819107}.DVD-5|x64.ActiveCfg = Debug|Any CPU
		{45E4664C-C207-4605-AF85-54B587819107}.Debug64|Any CPU.ActiveCfg = Debug|Any CPU
		{45E4664C-C207-4605-AF85-54B587819107}.Debug64|Any CPU.Build.0 = Debug|Any CPU
		{45E4664C-C207-4605-AF85-54B587819107}.Debug64|Mixed Platforms.ActiveCfg = Debug|Any CPU
		{45E4664C-C207-4605-AF85-54B587819107}.Debug64|Mixed Platforms.Build.0 = Debug|Any CPU
		{45E4664C-C207-4605-AF85-54B587819107}.Debug64|Win32.ActiveCfg = Debug|Any CPU
		{45E4664C-C207-4605-AF85-54B587819107}.Debug64|x64.ActiveCfg = Debug|Any CPU
		{45E4664C-C207-4605-AF85-54B587819107}.DebugARM|Any CPU.ActiveCfg = Debug|Any CPU
		{45E4664C-C207-4605-AF85-54B587819107}.DebugARM|Any CPU.Build.0 = Debug|Any CPU
		{45E4664C-C207-4605-AF85-54B587819107}.DebugARM|Mixed Platforms.ActiveCfg = Debug|Any CPU
		{45E4664C-C207-4605-AF85-54B587819107}.DebugARM|Mixed Platforms.Build.0 = Debug|Any CPU
		{45E4664C-C207-4605-AF85-54B587819107}.DebugARM|Win32.ActiveCfg = Debug|Any CPU
		{45E4664C-C207-4605-AF85-54B587819107}.DebugARM|x64.ActiveCfg = Debug|Any CPU
		{45E4664C-C207-4605-AF85-54B587819107}.DebugItanium|Any CPU.ActiveCfg = Debug|Any CPU
		{45E4664C-C207-4605-AF85-54B587819107}.DebugItanium|Any CPU.Build.0 = Debug|Any CPU
		{45E4664C-C207-4605-AF85-54B587819107}.DebugItanium|Mixed Platforms.ActiveCfg = Debug|Any CPU
		{45E4664C-C207-4605-AF85-54B587819107}.DebugItanium|Mixed Platforms.Build.0 = Debug|Any CPU
		{45E4664C-C207-4605-AF85-54B587819107}.DebugItanium|Win32.ActiveCfg = Debug|Any CPU
		{45E4664C-C207-4605-AF85-54B587819107}.DebugItanium|x64.ActiveCfg = Debug|Any CPU
		{45E4664C-C207-4605-AF85-54B587819107}.Debug|Any CPU.ActiveCfg = Debug|Any CPU
		{45E4664C-C207-4605-AF85-54B587819107}.Debug|Any CPU.Build.0 = Debug|Any CPU
		{45E4664C-C207-4605-AF85-54B587819107}.Debug|Mixed Platforms.ActiveCfg = Debug|Any CPU
		{45E4664C-C207-4605-AF85-54B587819107}.Debug|Mixed Platforms.Build.0 = Debug|Any CPU
		{45E4664C-C207-4605-AF85-54B587819107}.Debug|Win32.ActiveCfg = Debug|Any CPU
		{45E4664C-C207-4605-AF85-54B587819107}.Debug|x64.ActiveCfg = Debug|Any CPU
		{45E4664C-C207-4605-AF85-54B587819107}.Release64|Any CPU.ActiveCfg = Release|Any CPU
		{45E4664C-C207-4605-AF85-54B587819107}.Release64|Any CPU.Build.0 = Release|Any CPU
		{45E4664C-C207-4605-AF85-54B587819107}.Release64|Mixed Platforms.ActiveCfg = Release|Any CPU
		{45E4664C-C207-4605-AF85-54B587819107}.Release64|Mixed Platforms.Build.0 = Release|Any CPU
		{45E4664C-C207-4605-AF85-54B587819107}.Release64|Win32.ActiveCfg = Release|Any CPU
		{45E4664C-C207-4605-AF85-54B587819107}.Release64|x64.ActiveCfg = Release|Any CPU
		{45E4664C-C207-4605-AF85-54B587819107}.ReleaseARM|Any CPU.ActiveCfg = Release|Any CPU
		{45E4664C-C207-4605-AF85-54B587819107}.ReleaseARM|Any CPU.Build.0 = Release|Any CPU
		{45E4664C-C207-4605-AF85-54B587819107}.ReleaseARM|Mixed Platforms.ActiveCfg = Release|Any CPU
		{45E4664C-C207-4605-AF85-54B587819107}.ReleaseARM|Mixed Platforms.Build.0 = Release|Any CPU
		{45E4664C-C207-4605-AF85-54B587819107}.ReleaseARM|Win32.ActiveCfg = Release|Any CPU
		{45E4664C-C207-4605-AF85-54B587819107}.ReleaseARM|x64.ActiveCfg = Release|Any CPU
		{45E4664C-C207-4605-AF85-54B587819107}.ReleaseItanium|Any CPU.ActiveCfg = Release|Any CPU
		{45E4664C-C207-4605-AF85-54B587819107}.ReleaseItanium|Any CPU.Build.0 = Release|Any CPU
		{45E4664C-C207-4605-AF85-54B587819107}.ReleaseItanium|Mixed Platforms.ActiveCfg = Release|Any CPU
		{45E4664C-C207-4605-AF85-54B587819107}.ReleaseItanium|Mixed Platforms.Build.0 = Release|Any CPU
		{45E4664C-C207-4605-AF85-54B587819107}.ReleaseItanium|Win32.ActiveCfg = Release|Any CPU
		{45E4664C-C207-4605-AF85-54B587819107}.ReleaseItanium|x64.ActiveCfg = Release|Any CPU
		{45E4664C-C207-4605-AF85-54B587819107}.Release|Any CPU.ActiveCfg = Release|Any CPU
		{45E4664C-C207-4605-AF85-54B587819107}.Release|Any CPU.Build.0 = Release|Any CPU
		{45E4664C-C207-4605-AF85-54B587819107}.Release|Mixed Platforms.ActiveCfg = Release|Any CPU
		{45E4664C-C207-4605-AF85-54B587819107}.Release|Mixed Platforms.Build.0 = Release|Any CPU
		{45E4664C-C207-4605-AF85-54B587819107}.Release|Win32.ActiveCfg = Release|Any CPU
		{45E4664C-C207-4605-AF85-54B587819107}.Release|x64.ActiveCfg = Release|Any CPU
		{45E4664C-C207-4605-AF85-54B587819107}.SingleImage|Any CPU.ActiveCfg = Release|Any CPU
		{45E4664C-C207-4605-AF85-54B587819107}.SingleImage|Any CPU.Build.0 = Release|Any CPU
		{45E4664C-C207-4605-AF85-54B587819107}.SingleImage|Mixed Platforms.ActiveCfg = Release|Any CPU
		{45E4664C-C207-4605-AF85-54B587819107}.SingleImage|Mixed Platforms.Build.0 = Release|Any CPU
		{45E4664C-C207-4605-AF85-54B587819107}.SingleImage|Win32.ActiveCfg = Release|Any CPU
		{45E4664C-C207-4605-AF85-54B587819107}.SingleImage|x64.ActiveCfg = Release|Any CPU
		{5EA44F8A-A8FF-48AB-B6F6-C523793E342E}.CD_ROM|Any CPU.ActiveCfg = Release|Any CPU
		{5EA44F8A-A8FF-48AB-B6F6-C523793E342E}.CD_ROM|Any CPU.Build.0 = Release|Any CPU
		{5EA44F8A-A8FF-48AB-B6F6-C523793E342E}.CD_ROM|Mixed Platforms.ActiveCfg = Release|Any CPU
		{5EA44F8A-A8FF-48AB-B6F6-C523793E342E}.CD_ROM|Mixed Platforms.Build.0 = Release|Any CPU
		{5EA44F8A-A8FF-48AB-B6F6-C523793E342E}.CD_ROM|Win32.ActiveCfg = Release|Any CPU
		{5EA44F8A-A8FF-48AB-B6F6-C523793E342E}.CD_ROM|x64.ActiveCfg = Release|Any CPU
		{5EA44F8A-A8FF-48AB-B6F6-C523793E342E}.DVD-5|Any CPU.ActiveCfg = Debug|Any CPU
		{5EA44F8A-A8FF-48AB-B6F6-C523793E342E}.DVD-5|Any CPU.Build.0 = Debug|Any CPU
		{5EA44F8A-A8FF-48AB-B6F6-C523793E342E}.DVD-5|Mixed Platforms.ActiveCfg = Debug|Any CPU
		{5EA44F8A-A8FF-48AB-B6F6-C523793E342E}.DVD-5|Mixed Platforms.Build.0 = Debug|Any CPU
		{5EA44F8A-A8FF-48AB-B6F6-C523793E342E}.DVD-5|Win32.ActiveCfg = Debug|Any CPU
		{5EA44F8A-A8FF-48AB-B6F6-C523793E342E}.DVD-5|x64.ActiveCfg = Debug|Any CPU
		{5EA44F8A-A8FF-48AB-B6F6-C523793E342E}.Debug64|Any CPU.ActiveCfg = Debug|Any CPU
		{5EA44F8A-A8FF-48AB-B6F6-C523793E342E}.Debug64|Any CPU.Build.0 = Debug|Any CPU
		{5EA44F8A-A8FF-48AB-B6F6-C523793E342E}.Debug64|Mixed Platforms.ActiveCfg = Debug|Any CPU
		{5EA44F8A-A8FF-48AB-B6F6-C523793E342E}.Debug64|Mixed Platforms.Build.0 = Debug|Any CPU
		{5EA44F8A-A8FF-48AB-B6F6-C523793E342E}.Debug64|Win32.ActiveCfg = Debug|Any CPU
		{5EA44F8A-A8FF-48AB-B6F6-C523793E342E}.Debug64|x64.ActiveCfg = Debug|Any CPU
		{5EA44F8A-A8FF-48AB-B6F6-C523793E342E}.DebugARM|Any CPU.ActiveCfg = Debug|Any CPU
		{5EA44F8A-A8FF-48AB-B6F6-C523793E342E}.DebugARM|Any CPU.Build.0 = Debug|Any CPU
		{5EA44F8A-A8FF-48AB-B6F6-C523793E342E}.DebugARM|Mixed Platforms.ActiveCfg = Debug|Any CPU
		{5EA44F8A-A8FF-48AB-B6F6-C523793E342E}.DebugARM|Mixed Platforms.Build.0 = Debug|Any CPU
		{5EA44F8A-A8FF-48AB-B6F6-C523793E342E}.DebugARM|Win32.ActiveCfg = Debug|Any CPU
		{5EA44F8A-A8FF-48AB-B6F6-C523793E342E}.DebugARM|x64.ActiveCfg = Debug|Any CPU
		{5EA44F8A-A8FF-48AB-B6F6-C523793E342E}.DebugItanium|Any CPU.ActiveCfg = Debug|Any CPU
		{5EA44F8A-A8FF-48AB-B6F6-C523793E342E}.DebugItanium|Any CPU.Build.0 = Debug|Any CPU
		{5EA44F8A-A8FF-48AB-B6F6-C523793E342E}.DebugItanium|Mixed Platforms.ActiveCfg = Debug|Any CPU
		{5EA44F8A-A8FF-48AB-B6F6-C523793E342E}.DebugItanium|Mixed Platforms.Build.0 = Debug|Any CPU
		{5EA44F8A-A8FF-48AB-B6F6-C523793E342E}.DebugItanium|Win32.ActiveCfg = Debug|Any CPU
		{5EA44F8A-A8FF-48AB-B6F6-C523793E342E}.DebugItanium|x64.ActiveCfg = Debug|Any CPU
		{5EA44F8A-A8FF-48AB-B6F6-C523793E342E}.Debug|Any CPU.ActiveCfg = Debug|Any CPU
		{5EA44F8A-A8FF-48AB-B6F6-C523793E342E}.Debug|Any CPU.Build.0 = Debug|Any CPU
		{5EA44F8A-A8FF-48AB-B6F6-C523793E342E}.Debug|Mixed Platforms.ActiveCfg = Debug|Any CPU
		{5EA44F8A-A8FF-48AB-B6F6-C523793E342E}.Debug|Mixed Platforms.Build.0 = Debug|Any CPU
		{5EA44F8A-A8FF-48AB-B6F6-C523793E342E}.Debug|Win32.ActiveCfg = Debug|Any CPU
		{5EA44F8A-A8FF-48AB-B6F6-C523793E342E}.Debug|x64.ActiveCfg = Debug|Any CPU
		{5EA44F8A-A8FF-48AB-B6F6-C523793E342E}.Release64|Any CPU.ActiveCfg = Release|Any CPU
		{5EA44F8A-A8FF-48AB-B6F6-C523793E342E}.Release64|Any CPU.Build.0 = Release|Any CPU
		{5EA44F8A-A8FF-48AB-B6F6-C523793E342E}.Release64|Mixed Platforms.ActiveCfg = Release|Any CPU
		{5EA44F8A-A8FF-48AB-B6F6-C523793E342E}.Release64|Mixed Platforms.Build.0 = Release|Any CPU
		{5EA44F8A-A8FF-48AB-B6F6-C523793E342E}.Release64|Win32.ActiveCfg = Release|Any CPU
		{5EA44F8A-A8FF-48AB-B6F6-C523793E342E}.Release64|x64.ActiveCfg = Release|Any CPU
		{5EA44F8A-A8FF-48AB-B6F6-C523793E342E}.ReleaseARM|Any CPU.ActiveCfg = Release|Any CPU
		{5EA44F8A-A8FF-48AB-B6F6-C523793E342E}.ReleaseARM|Any CPU.Build.0 = Release|Any CPU
		{5EA44F8A-A8FF-48AB-B6F6-C523793E342E}.ReleaseARM|Mixed Platforms.ActiveCfg = Release|Any CPU
		{5EA44F8A-A8FF-48AB-B6F6-C523793E342E}.ReleaseARM|Mixed Platforms.Build.0 = Release|Any CPU
		{5EA44F8A-A8FF-48AB-B6F6-C523793E342E}.ReleaseARM|Win32.ActiveCfg = Release|Any CPU
		{5EA44F8A-A8FF-48AB-B6F6-C523793E342E}.ReleaseARM|x64.ActiveCfg = Release|Any CPU
		{5EA44F8A-A8FF-48AB-B6F6-C523793E342E}.ReleaseItanium|Any CPU.ActiveCfg = Release|Any CPU
		{5EA44F8A-A8FF-48AB-B6F6-C523793E342E}.ReleaseItanium|Any CPU.Build.0 = Release|Any CPU
		{5EA44F8A-A8FF-48AB-B6F6-C523793E342E}.ReleaseItanium|Mixed Platforms.ActiveCfg = Release|Any CPU
		{5EA44F8A-A8FF-48AB-B6F6-C523793E342E}.ReleaseItanium|Mixed Platforms.Build.0 = Release|Any CPU
		{5EA44F8A-A8FF-48AB-B6F6-C523793E342E}.ReleaseItanium|Win32.ActiveCfg = Release|Any CPU
		{5EA44F8A-A8FF-48AB-B6F6-C523793E342E}.ReleaseItanium|x64.ActiveCfg = Release|Any CPU
		{5EA44F8A-A8FF-48AB-B6F6-C523793E342E}.Release|Any CPU.ActiveCfg = Release|Any CPU
		{5EA44F8A-A8FF-48AB-B6F6-C523793E342E}.Release|Any CPU.Build.0 = Release|Any CPU
		{5EA44F8A-A8FF-48AB-B6F6-C523793E342E}.Release|Mixed Platforms.ActiveCfg = Release|Any CPU
		{5EA44F8A-A8FF-48AB-B6F6-C523793E342E}.Release|Mixed Platforms.Build.0 = Release|Any CPU
		{5EA44F8A-A8FF-48AB-B6F6-C523793E342E}.Release|Win32.ActiveCfg = Release|Any CPU
		{5EA44F8A-A8FF-48AB-B6F6-C523793E342E}.Release|x64.ActiveCfg = Release|Any CPU
		{5EA44F8A-A8FF-48AB-B6F6-C523793E342E}.SingleImage|Any CPU.ActiveCfg = Release|Any CPU
		{5EA44F8A-A8FF-48AB-B6F6-C523793E342E}.SingleImage|Any CPU.Build.0 = Release|Any CPU
		{5EA44F8A-A8FF-48AB-B6F6-C523793E342E}.SingleImage|Mixed Platforms.ActiveCfg = Release|Any CPU
		{5EA44F8A-A8FF-48AB-B6F6-C523793E342E}.SingleImage|Mixed Platforms.Build.0 = Release|Any CPU
		{5EA44F8A-A8FF-48AB-B6F6-C523793E342E}.SingleImage|Win32.ActiveCfg = Release|Any CPU
		{5EA44F8A-A8FF-48AB-B6F6-C523793E342E}.SingleImage|x64.ActiveCfg = Release|Any CPU
		{77014147-1A34-4BF6-8FC4-3C85984F8E2E}.CD_ROM|Any CPU.ActiveCfg = Release|Any CPU
		{77014147-1A34-4BF6-8FC4-3C85984F8E2E}.CD_ROM|Any CPU.Build.0 = Release|Any CPU
		{77014147-1A34-4BF6-8FC4-3C85984F8E2E}.CD_ROM|Mixed Platforms.ActiveCfg = Release|Any CPU
		{77014147-1A34-4BF6-8FC4-3C85984F8E2E}.CD_ROM|Mixed Platforms.Build.0 = Release|Any CPU
		{77014147-1A34-4BF6-8FC4-3C85984F8E2E}.CD_ROM|Win32.ActiveCfg = Release|Any CPU
		{77014147-1A34-4BF6-8FC4-3C85984F8E2E}.CD_ROM|x64.ActiveCfg = Release|Any CPU
		{77014147-1A34-4BF6-8FC4-3C85984F8E2E}.DVD-5|Any CPU.ActiveCfg = Debug|Any CPU
		{77014147-1A34-4BF6-8FC4-3C85984F8E2E}.DVD-5|Any CPU.Build.0 = Debug|Any CPU
		{77014147-1A34-4BF6-8FC4-3C85984F8E2E}.DVD-5|Mixed Platforms.ActiveCfg = Debug|Any CPU
		{77014147-1A34-4BF6-8FC4-3C85984F8E2E}.DVD-5|Mixed Platforms.Build.0 = Debug|Any CPU
		{77014147-1A34-4BF6-8FC4-3C85984F8E2E}.DVD-5|Win32.ActiveCfg = Debug|Any CPU
		{77014147-1A34-4BF6-8FC4-3C85984F8E2E}.DVD-5|x64.ActiveCfg = Debug|Any CPU
		{77014147-1A34-4BF6-8FC4-3C85984F8E2E}.Debug64|Any CPU.ActiveCfg = Debug|Any CPU
		{77014147-1A34-4BF6-8FC4-3C85984F8E2E}.Debug64|Any CPU.Build.0 = Debug|Any CPU
		{77014147-1A34-4BF6-8FC4-3C85984F8E2E}.Debug64|Mixed Platforms.ActiveCfg = Debug|Any CPU
		{77014147-1A34-4BF6-8FC4-3C85984F8E2E}.Debug64|Mixed Platforms.Build.0 = Debug|Any CPU
		{77014147-1A34-4BF6-8FC4-3C85984F8E2E}.Debug64|Win32.ActiveCfg = Debug|Any CPU
		{77014147-1A34-4BF6-8FC4-3C85984F8E2E}.Debug64|x64.ActiveCfg = Debug|Any CPU
		{77014147-1A34-4BF6-8FC4-3C85984F8E2E}.DebugARM|Any CPU.ActiveCfg = Debug|Any CPU
		{77014147-1A34-4BF6-8FC4-3C85984F8E2E}.DebugARM|Any CPU.Build.0 = Debug|Any CPU
		{77014147-1A34-4BF6-8FC4-3C85984F8E2E}.DebugARM|Mixed Platforms.ActiveCfg = Debug|Any CPU
		{77014147-1A34-4BF6-8FC4-3C85984F8E2E}.DebugARM|Mixed Platforms.Build.0 = Debug|Any CPU
		{77014147-1A34-4BF6-8FC4-3C85984F8E2E}.DebugARM|Win32.ActiveCfg = Debug|Any CPU
		{77014147-1A34-4BF6-8FC4-3C85984F8E2E}.DebugARM|x64.ActiveCfg = Debug|Any CPU
		{77014147-1A34-4BF6-8FC4-3C85984F8E2E}.DebugItanium|Any CPU.ActiveCfg = Debug|Any CPU
		{77014147-1A34-4BF6-8FC4-3C85984F8E2E}.DebugItanium|Any CPU.Build.0 = Debug|Any CPU
		{77014147-1A34-4BF6-8FC4-3C85984F8E2E}.DebugItanium|Mixed Platforms.ActiveCfg = Debug|Any CPU
		{77014147-1A34-4BF6-8FC4-3C85984F8E2E}.DebugItanium|Mixed Platforms.Build.0 = Debug|Any CPU
		{77014147-1A34-4BF6-8FC4-3C85984F8E2E}.DebugItanium|Win32.ActiveCfg = Debug|Any CPU
		{77014147-1A34-4BF6-8FC4-3C85984F8E2E}.DebugItanium|x64.ActiveCfg = Debug|Any CPU
		{77014147-1A34-4BF6-8FC4-3C85984F8E2E}.Debug|Any CPU.ActiveCfg = Debug|Any CPU
		{77014147-1A34-4BF6-8FC4-3C85984F8E2E}.Debug|Any CPU.Build.0 = Debug|Any CPU
		{77014147-1A34-4BF6-8FC4-3C85984F8E2E}.Debug|Mixed Platforms.ActiveCfg = Debug|Any CPU
		{77014147-1A34-4BF6-8FC4-3C85984F8E2E}.Debug|Mixed Platforms.Build.0 = Debug|Any CPU
		{77014147-1A34-4BF6-8FC4-3C85984F8E2E}.Debug|Win32.ActiveCfg = Debug|Any CPU
		{77014147-1A34-4BF6-8FC4-3C85984F8E2E}.Debug|x64.ActiveCfg = Debug|Any CPU
		{77014147-1A34-4BF6-8FC4-3C85984F8E2E}.Release64|Any CPU.ActiveCfg = Release|Any CPU
		{77014147-1A34-4BF6-8FC4-3C85984F8E2E}.Release64|Any CPU.Build.0 = Release|Any CPU
		{77014147-1A34-4BF6-8FC4-3C85984F8E2E}.Release64|Mixed Platforms.ActiveCfg = Release|Any CPU
		{77014147-1A34-4BF6-8FC4-3C85984F8E2E}.Release64|Mixed Platforms.Build.0 = Release|Any CPU
		{77014147-1A34-4BF6-8FC4-3C85984F8E2E}.Release64|Win32.ActiveCfg = Release|Any CPU
		{77014147-1A34-4BF6-8FC4-3C85984F8E2E}.Release64|x64.ActiveCfg = Release|Any CPU
		{77014147-1A34-4BF6-8FC4-3C85984F8E2E}.ReleaseARM|Any CPU.ActiveCfg = Release|Any CPU
		{77014147-1A34-4BF6-8FC4-3C85984F8E2E}.ReleaseARM|Any CPU.Build.0 = Release|Any CPU
		{77014147-1A34-4BF6-8FC4-3C85984F8E2E}.ReleaseARM|Mixed Platforms.ActiveCfg = Release|Any CPU
		{77014147-1A34-4BF6-8FC4-3C85984F8E2E}.ReleaseARM|Mixed Platforms.Build.0 = Release|Any CPU
		{77014147-1A34-4BF6-8FC4-3C85984F8E2E}.ReleaseARM|Win32.ActiveCfg = Release|Any CPU
		{77014147-1A34-4BF6-8FC4-3C85984F8E2E}.ReleaseARM|x64.ActiveCfg = Release|Any CPU
		{77014147-1A34-4BF6-8FC4-3C85984F8E2E}.ReleaseItanium|Any CPU.ActiveCfg = Release|Any CPU
		{77014147-1A34-4BF6-8FC4-3C85984F8E2E}.ReleaseItanium|Any CPU.Build.0 = Release|Any CPU
		{77014147-1A34-4BF6-8FC4-3C85984F8E2E}.ReleaseItanium|Mixed Platforms.ActiveCfg = Release|Any CPU
		{77014147-1A34-4BF6-8FC4-3C85984F8E2E}.ReleaseItanium|Mixed Platforms.Build.0 = Release|Any CPU
		{77014147-1A34-4BF6-8FC4-3C85984F8E2E}.ReleaseItanium|Win32.ActiveCfg = Release|Any CPU
		{77014147-1A34-4BF6-8FC4-3C85984F8E2E}.ReleaseItanium|x64.ActiveCfg = Release|Any CPU
		{77014147-1A34-4BF6-8FC4-3C85984F8E2E}.Release|Any CPU.ActiveCfg = Release|Any CPU
		{77014147-1A34-4BF6-8FC4-3C85984F8E2E}.Release|Any CPU.Build.0 = Release|Any CPU
		{77014147-1A34-4BF6-8FC4-3C85984F8E2E}.Release|Mixed Platforms.ActiveCfg = Release|Any CPU
		{77014147-1A34-4BF6-8FC4-3C85984F8E2E}.Release|Mixed Platforms.Build.0 = Release|Any CPU
		{77014147-1A34-4BF6-8FC4-3C85984F8E2E}.Release|Win32.ActiveCfg = Release|Any CPU
		{77014147-1A34-4BF6-8FC4-3C85984F8E2E}.Release|x64.ActiveCfg = Release|Any CPU
		{77014147-1A34-4BF6-8FC4-3C85984F8E2E}.SingleImage|Any CPU.ActiveCfg = Release|Any CPU
		{77014147-1A34-4BF6-8FC4-3C85984F8E2E}.SingleImage|Any CPU.Build.0 = Release|Any CPU
		{77014147-1A34-4BF6-8FC4-3C85984F8E2E}.SingleImage|Mixed Platforms.ActiveCfg = Release|Any CPU
		{77014147-1A34-4BF6-8FC4-3C85984F8E2E}.SingleImage|Mixed Platforms.Build.0 = Release|Any CPU
		{77014147-1A34-4BF6-8FC4-3C85984F8E2E}.SingleImage|Win32.ActiveCfg = Release|Any CPU
		{77014147-1A34-4BF6-8FC4-3C85984F8E2E}.SingleImage|x64.ActiveCfg = Release|Any CPU
		{7FECBFDC-00CC-46C9-94EE-948155ACEE9D}.CD_ROM|Any CPU.ActiveCfg = Release|Any CPU
		{7FECBFDC-00CC-46C9-94EE-948155ACEE9D}.CD_ROM|Any CPU.Build.0 = Release|Any CPU
		{7FECBFDC-00CC-46C9-94EE-948155ACEE9D}.CD_ROM|Mixed Platforms.ActiveCfg = Release|Any CPU
		{7FECBFDC-00CC-46C9-94EE-948155ACEE9D}.CD_ROM|Mixed Platforms.Build.0 = Release|Any CPU
		{7FECBFDC-00CC-46C9-94EE-948155ACEE9D}.CD_ROM|Win32.ActiveCfg = Release|Any CPU
		{7FECBFDC-00CC-46C9-94EE-948155ACEE9D}.CD_ROM|x64.ActiveCfg = Release|Any CPU
		{7FECBFDC-00CC-46C9-94EE-948155ACEE9D}.DVD-5|Any CPU.ActiveCfg = Debug|Any CPU
		{7FECBFDC-00CC-46C9-94EE-948155ACEE9D}.DVD-5|Any CPU.Build.0 = Debug|Any CPU
		{7FECBFDC-00CC-46C9-94EE-948155ACEE9D}.DVD-5|Mixed Platforms.ActiveCfg = Debug|Any CPU
		{7FECBFDC-00CC-46C9-94EE-948155ACEE9D}.DVD-5|Mixed Platforms.Build.0 = Debug|Any CPU
		{7FECBFDC-00CC-46C9-94EE-948155ACEE9D}.DVD-5|Win32.ActiveCfg = Debug|Any CPU
		{7FECBFDC-00CC-46C9-94EE-948155ACEE9D}.DVD-5|x64.ActiveCfg = Debug|Any CPU
		{7FECBFDC-00CC-46C9-94EE-948155ACEE9D}.Debug64|Any CPU.ActiveCfg = Debug|Any CPU
		{7FECBFDC-00CC-46C9-94EE-948155ACEE9D}.Debug64|Any CPU.Build.0 = Debug|Any CPU
		{7FECBFDC-00CC-46C9-94EE-948155ACEE9D}.Debug64|Mixed Platforms.ActiveCfg = Debug|Any CPU
		{7FECBFDC-00CC-46C9-94EE-948155ACEE9D}.Debug64|Mixed Platforms.Build.0 = Debug|Any CPU
		{7FECBFDC-00CC-46C9-94EE-948155ACEE9D}.Debug64|Win32.ActiveCfg = Debug|Any CPU
		{7FECBFDC-00CC-46C9-94EE-948155ACEE9D}.Debug64|x64.ActiveCfg = Debug|Any CPU
		{7FECBFDC-00CC-46C9-94EE-948155ACEE9D}.DebugARM|Any CPU.ActiveCfg = Debug|Any CPU
		{7FECBFDC-00CC-46C9-94EE-948155ACEE9D}.DebugARM|Any CPU.Build.0 = Debug|Any CPU
		{7FECBFDC-00CC-46C9-94EE-948155ACEE9D}.DebugARM|Mixed Platforms.ActiveCfg = Debug|Any CPU
		{7FECBFDC-00CC-46C9-94EE-948155ACEE9D}.DebugARM|Mixed Platforms.Build.0 = Debug|Any CPU
		{7FECBFDC-00CC-46C9-94EE-948155ACEE9D}.DebugARM|Win32.ActiveCfg = Debug|Any CPU
		{7FECBFDC-00CC-46C9-94EE-948155ACEE9D}.DebugARM|x64.ActiveCfg = Debug|Any CPU
		{7FECBFDC-00CC-46C9-94EE-948155ACEE9D}.DebugItanium|Any CPU.ActiveCfg = Debug|Any CPU
		{7FECBFDC-00CC-46C9-94EE-948155ACEE9D}.DebugItanium|Any CPU.Build.0 = Debug|Any CPU
		{7FECBFDC-00CC-46C9-94EE-948155ACEE9D}.DebugItanium|Mixed Platforms.ActiveCfg = Debug|Any CPU
		{7FECBFDC-00CC-46C9-94EE-948155ACEE9D}.DebugItanium|Mixed Platforms.Build.0 = Debug|Any CPU
		{7FECBFDC-00CC-46C9-94EE-948155ACEE9D}.DebugItanium|Win32.ActiveCfg = Debug|Any CPU
		{7FECBFDC-00CC-46C9-94EE-948155ACEE9D}.DebugItanium|x64.ActiveCfg = Debug|Any CPU
		{7FECBFDC-00CC-46C9-94EE-948155ACEE9D}.Debug|Any CPU.ActiveCfg = Debug|Any CPU
		{7FECBFDC-00CC-46C9-94EE-948155ACEE9D}.Debug|Any CPU.Build.0 = Debug|Any CPU
		{7FECBFDC-00CC-46C9-94EE-948155ACEE9D}.Debug|Mixed Platforms.ActiveCfg = Debug|Any CPU
		{7FECBFDC-00CC-46C9-94EE-948155ACEE9D}.Debug|Mixed Platforms.Build.0 = Debug|Any CPU
		{7FECBFDC-00CC-46C9-94EE-948155ACEE9D}.Debug|Win32.ActiveCfg = Debug|Any CPU
		{7FECBFDC-00CC-46C9-94EE-948155ACEE9D}.Debug|x64.ActiveCfg = Debug|Any CPU
		{7FECBFDC-00CC-46C9-94EE-948155ACEE9D}.Release64|Any CPU.ActiveCfg = Release|Any CPU
		{7FECBFDC-00CC-46C9-94EE-948155ACEE9D}.Release64|Any CPU.Build.0 = Release|Any CPU
		{7FECBFDC-00CC-46C9-94EE-948155ACEE9D}.Release64|Mixed Platforms.ActiveCfg = Release|Any CPU
		{7FECBFDC-00CC-46C9-94EE-948155ACEE9D}.Release64|Mixed Platforms.Build.0 = Release|Any CPU
		{7FECBFDC-00CC-46C9-94EE-948155ACEE9D}.Release64|Win32.ActiveCfg = Release|Any CPU
		{7FECBFDC-00CC-46C9-94EE-948155ACEE9D}.Release64|x64.ActiveCfg = Release|Any CPU
		{7FECBFDC-00CC-46C9-94EE-948155ACEE9D}.ReleaseARM|Any CPU.ActiveCfg = Release|Any CPU
		{7FECBFDC-00CC-46C9-94EE-948155ACEE9D}.ReleaseARM|Any CPU.Build.0 = Release|Any CPU
		{7FECBFDC-00CC-46C9-94EE-948155ACEE9D}.ReleaseARM|Mixed Platforms.ActiveCfg = Release|Any CPU
		{7FECBFDC-00CC-46C9-94EE-948155ACEE9D}.ReleaseARM|Mixed Platforms.Build.0 = Release|Any CPU
		{7FECBFDC-00CC-46C9-94EE-948155ACEE9D}.ReleaseARM|Win32.ActiveCfg = Release|Any CPU
		{7FECBFDC-00CC-46C9-94EE-948155ACEE9D}.ReleaseARM|x64.ActiveCfg = Release|Any CPU
		{7FECBFDC-00CC-46C9-94EE-948155ACEE9D}.ReleaseItanium|Any CPU.ActiveCfg = Release|Any CPU
		{7FECBFDC-00CC-46C9-94EE-948155ACEE9D}.ReleaseItanium|Any CPU.Build.0 = Release|Any CPU
		{7FECBFDC-00CC-46C9-94EE-948155ACEE9D}.ReleaseItanium|Mixed Platforms.ActiveCfg = Release|Any CPU
		{7FECBFDC-00CC-46C9-94EE-948155ACEE9D}.ReleaseItanium|Mixed Platforms.Build.0 = Release|Any CPU
		{7FECBFDC-00CC-46C9-94EE-948155ACEE9D}.ReleaseItanium|Win32.ActiveCfg = Release|Any CPU
		{7FECBFDC-00CC-46C9-94EE-948155ACEE9D}.ReleaseItanium|x64.ActiveCfg = Release|Any CPU
		{7FECBFDC-00CC-46C9-94EE-948155ACEE9D}.Release|Any CPU.ActiveCfg = Release|Any CPU
		{7FECBFDC-00CC-46C9-94EE-948155ACEE9D}.Release|Any CPU.Build.0 = Release|Any CPU
		{7FECBFDC-00CC-46C9-94EE-948155ACEE9D}.Release|Mixed Platforms.ActiveCfg = Release|Any CPU
		{7FECBFDC-00CC-46C9-94EE-948155ACEE9D}.Release|Mixed Platforms.Build.0 = Release|Any CPU
		{7FECBFDC-00CC-46C9-94EE-948155ACEE9D}.Release|Win32.ActiveCfg = Release|Any CPU
		{7FECBFDC-00CC-46C9-94EE-948155ACEE9D}.Release|x64.ActiveCfg = Release|Any CPU
		{7FECBFDC-00CC-46C9-94EE-948155ACEE9D}.SingleImage|Any CPU.ActiveCfg = Release|Any CPU
		{7FECBFDC-00CC-46C9-94EE-948155ACEE9D}.SingleImage|Any CPU.Build.0 = Release|Any CPU
		{7FECBFDC-00CC-46C9-94EE-948155ACEE9D}.SingleImage|Mixed Platforms.ActiveCfg = Release|Any CPU
		{7FECBFDC-00CC-46C9-94EE-948155ACEE9D}.SingleImage|Mixed Platforms.Build.0 = Release|Any CPU
		{7FECBFDC-00CC-46C9-94EE-948155ACEE9D}.SingleImage|Win32.ActiveCfg = Release|Any CPU
		{7FECBFDC-00CC-46C9-94EE-948155ACEE9D}.SingleImage|x64.ActiveCfg = Release|Any CPU
		{83CA3DB8-0155-4F9E-8DDA-35AA9098E7A8}.CD_ROM|Any CPU.ActiveCfg = CD_ROM
		{83CA3DB8-0155-4F9E-8DDA-35AA9098E7A8}.CD_ROM|Any CPU.Build.0 = CD_ROM
		{83CA3DB8-0155-4F9E-8DDA-35AA9098E7A8}.CD_ROM|Mixed Platforms.ActiveCfg = CD_ROM
		{83CA3DB8-0155-4F9E-8DDA-35AA9098E7A8}.CD_ROM|Mixed Platforms.Build.0 = CD_ROM
		{83CA3DB8-0155-4F9E-8DDA-35AA9098E7A8}.CD_ROM|Win32.ActiveCfg = CD_ROM
		{83CA3DB8-0155-4F9E-8DDA-35AA9098E7A8}.CD_ROM|Win32.Build.0 = CD_ROM
		{83CA3DB8-0155-4F9E-8DDA-35AA9098E7A8}.CD_ROM|x64.ActiveCfg = CD_ROM
		{83CA3DB8-0155-4F9E-8DDA-35AA9098E7A8}.CD_ROM|x64.Build.0 = CD_ROM
		{83CA3DB8-0155-4F9E-8DDA-35AA9098E7A8}.DVD-5|Any CPU.ActiveCfg = DVD-5
		{83CA3DB8-0155-4F9E-8DDA-35AA9098E7A8}.DVD-5|Any CPU.Build.0 = DVD-5
		{83CA3DB8-0155-4F9E-8DDA-35AA9098E7A8}.DVD-5|Mixed Platforms.ActiveCfg = DVD-5
		{83CA3DB8-0155-4F9E-8DDA-35AA9098E7A8}.DVD-5|Mixed Platforms.Build.0 = DVD-5
		{83CA3DB8-0155-4F9E-8DDA-35AA9098E7A8}.DVD-5|Win32.ActiveCfg = DVD-5
		{83CA3DB8-0155-4F9E-8DDA-35AA9098E7A8}.DVD-5|Win32.Build.0 = DVD-5
		{83CA3DB8-0155-4F9E-8DDA-35AA9098E7A8}.DVD-5|x64.ActiveCfg = DVD-5
		{83CA3DB8-0155-4F9E-8DDA-35AA9098E7A8}.DVD-5|x64.Build.0 = DVD-5
		{83CA3DB8-0155-4F9E-8DDA-35AA9098E7A8}.Debug64|Any CPU.ActiveCfg = DVD-5
		{83CA3DB8-0155-4F9E-8DDA-35AA9098E7A8}.Debug64|Any CPU.Build.0 = DVD-5
		{83CA3DB8-0155-4F9E-8DDA-35AA9098E7A8}.Debug64|Mixed Platforms.ActiveCfg = DVD-5
		{83CA3DB8-0155-4F9E-8DDA-35AA9098E7A8}.Debug64|Mixed Platforms.Build.0 = DVD-5
		{83CA3DB8-0155-4F9E-8DDA-35AA9098E7A8}.Debug64|Win32.ActiveCfg = DVD-5
		{83CA3DB8-0155-4F9E-8DDA-35AA9098E7A8}.Debug64|Win32.Build.0 = DVD-5
		{83CA3DB8-0155-4F9E-8DDA-35AA9098E7A8}.Debug64|x64.ActiveCfg = DVD-5
		{83CA3DB8-0155-4F9E-8DDA-35AA9098E7A8}.Debug64|x64.Build.0 = DVD-5
		{83CA3DB8-0155-4F9E-8DDA-35AA9098E7A8}.DebugARM|Any CPU.ActiveCfg = DVD-5
		{83CA3DB8-0155-4F9E-8DDA-35AA9098E7A8}.DebugARM|Any CPU.Build.0 = DVD-5
		{83CA3DB8-0155-4F9E-8DDA-35AA9098E7A8}.DebugARM|Mixed Platforms.ActiveCfg = DVD-5
		{83CA3DB8-0155-4F9E-8DDA-35AA9098E7A8}.DebugARM|Mixed Platforms.Build.0 = DVD-5
		{83CA3DB8-0155-4F9E-8DDA-35AA9098E7A8}.DebugARM|Win32.ActiveCfg = DVD-5
		{83CA3DB8-0155-4F9E-8DDA-35AA9098E7A8}.DebugARM|Win32.Build.0 = DVD-5
		{83CA3DB8-0155-4F9E-8DDA-35AA9098E7A8}.DebugARM|x64.ActiveCfg = DVD-5
		{83CA3DB8-0155-4F9E-8DDA-35AA9098E7A8}.DebugARM|x64.Build.0 = DVD-5
		{83CA3DB8-0155-4F9E-8DDA-35AA9098E7A8}.DebugItanium|Any CPU.ActiveCfg = DVD-5
		{83CA3DB8-0155-4F9E-8DDA-35AA9098E7A8}.DebugItanium|Any CPU.Build.0 = DVD-5
		{83CA3DB8-0155-4F9E-8DDA-35AA9098E7A8}.DebugItanium|Mixed Platforms.ActiveCfg = DVD-5
		{83CA3DB8-0155-4F9E-8DDA-35AA9098E7A8}.DebugItanium|Mixed Platforms.Build.0 = DVD-5
		{83CA3DB8-0155-4F9E-8DDA-35AA9098E7A8}.DebugItanium|Win32.ActiveCfg = DVD-5
		{83CA3DB8-0155-4F9E-8DDA-35AA9098E7A8}.DebugItanium|Win32.Build.0 = DVD-5
		{83CA3DB8-0155-4F9E-8DDA-35AA9098E7A8}.DebugItanium|x64.ActiveCfg = DVD-5
		{83CA3DB8-0155-4F9E-8DDA-35AA9098E7A8}.DebugItanium|x64.Build.0 = DVD-5
		{83CA3DB8-0155-4F9E-8DDA-35AA9098E7A8}.Debug|Any CPU.ActiveCfg = DVD-5
		{83CA3DB8-0155-4F9E-8DDA-35AA9098E7A8}.Debug|Any CPU.Build.0 = DVD-5
		{83CA3DB8-0155-4F9E-8DDA-35AA9098E7A8}.Debug|Mixed Platforms.ActiveCfg = DVD-5
		{83CA3DB8-0155-4F9E-8DDA-35AA9098E7A8}.Debug|Mixed Platforms.Build.0 = DVD-5
		{83CA3DB8-0155-4F9E-8DDA-35AA9098E7A8}.Debug|Win32.ActiveCfg = DVD-5
		{83CA3DB8-0155-4F9E-8DDA-35AA9098E7A8}.Debug|Win32.Build.0 = DVD-5
		{83CA3DB8-0155-4F9E-8DDA-35AA9098E7A8}.Debug|x64.ActiveCfg = DVD-5
		{83CA3DB8-0155-4F9E-8DDA-35AA9098E7A8}.Debug|x64.Build.0 = DVD-5
		{83CA3DB8-0155-4F9E-8DDA-35AA9098E7A8}.Release64|Any CPU.ActiveCfg = SingleImage
		{83CA3DB8-0155-4F9E-8DDA-35AA9098E7A8}.Release64|Any CPU.Build.0 = SingleImage
		{83CA3DB8-0155-4F9E-8DDA-35AA9098E7A8}.Release64|Mixed Platforms.ActiveCfg = SingleImage
		{83CA3DB8-0155-4F9E-8DDA-35AA9098E7A8}.Release64|Mixed Platforms.Build.0 = SingleImage
		{83CA3DB8-0155-4F9E-8DDA-35AA9098E7A8}.Release64|Win32.ActiveCfg = SingleImage
		{83CA3DB8-0155-4F9E-8DDA-35AA9098E7A8}.Release64|Win32.Build.0 = SingleImage
		{83CA3DB8-0155-4F9E-8DDA-35AA9098E7A8}.Release64|x64.ActiveCfg = SingleImage
		{83CA3DB8-0155-4F9E-8DDA-35AA9098E7A8}.Release64|x64.Build.0 = SingleImage
		{83CA3DB8-0155-4F9E-8DDA-35AA9098E7A8}.ReleaseARM|Any CPU.ActiveCfg = SingleImage
		{83CA3DB8-0155-4F9E-8DDA-35AA9098E7A8}.ReleaseARM|Any CPU.Build.0 = SingleImage
		{83CA3DB8-0155-4F9E-8DDA-35AA9098E7A8}.ReleaseARM|Mixed Platforms.ActiveCfg = SingleImage
		{83CA3DB8-0155-4F9E-8DDA-35AA9098E7A8}.ReleaseARM|Mixed Platforms.Build.0 = SingleImage
		{83CA3DB8-0155-4F9E-8DDA-35AA9098E7A8}.ReleaseARM|Win32.ActiveCfg = SingleImage
		{83CA3DB8-0155-4F9E-8DDA-35AA9098E7A8}.ReleaseARM|Win32.Build.0 = SingleImage
		{83CA3DB8-0155-4F9E-8DDA-35AA9098E7A8}.ReleaseARM|x64.ActiveCfg = SingleImage
		{83CA3DB8-0155-4F9E-8DDA-35AA9098E7A8}.ReleaseARM|x64.Build.0 = SingleImage
		{83CA3DB8-0155-4F9E-8DDA-35AA9098E7A8}.ReleaseItanium|Any CPU.ActiveCfg = SingleImage
		{83CA3DB8-0155-4F9E-8DDA-35AA9098E7A8}.ReleaseItanium|Any CPU.Build.0 = SingleImage
		{83CA3DB8-0155-4F9E-8DDA-35AA9098E7A8}.ReleaseItanium|Mixed Platforms.ActiveCfg = SingleImage
		{83CA3DB8-0155-4F9E-8DDA-35AA9098E7A8}.ReleaseItanium|Mixed Platforms.Build.0 = SingleImage
		{83CA3DB8-0155-4F9E-8DDA-35AA9098E7A8}.ReleaseItanium|Win32.ActiveCfg = SingleImage
		{83CA3DB8-0155-4F9E-8DDA-35AA9098E7A8}.ReleaseItanium|Win32.Build.0 = SingleImage
		{83CA3DB8-0155-4F9E-8DDA-35AA9098E7A8}.ReleaseItanium|x64.ActiveCfg = SingleImage
		{83CA3DB8-0155-4F9E-8DDA-35AA9098E7A8}.ReleaseItanium|x64.Build.0 = SingleImage
		{83CA3DB8-0155-4F9E-8DDA-35AA9098E7A8}.Release|Any CPU.ActiveCfg = SingleImage
		{83CA3DB8-0155-4F9E-8DDA-35AA9098E7A8}.Release|Any CPU.Build.0 = SingleImage
		{83CA3DB8-0155-4F9E-8DDA-35AA9098E7A8}.Release|Mixed Platforms.ActiveCfg = SingleImage
		{83CA3DB8-0155-4F9E-8DDA-35AA9098E7A8}.Release|Mixed Platforms.Build.0 = SingleImage
		{83CA3DB8-0155-4F9E-8DDA-35AA9098E7A8}.Release|Win32.ActiveCfg = SingleImage
		{83CA3DB8-0155-4F9E-8DDA-35AA9098E7A8}.Release|Win32.Build.0 = SingleImage
		{83CA3DB8-0155-4F9E-8DDA-35AA9098E7A8}.Release|x64.ActiveCfg = SingleImage
		{83CA3DB8-0155-4F9E-8DDA-35AA9098E7A8}.Release|x64.Build.0 = SingleImage
		{83CA3DB8-0155-4F9E-8DDA-35AA9098E7A8}.SingleImage|Any CPU.ActiveCfg = SingleImage
		{83CA3DB8-0155-4F9E-8DDA-35AA9098E7A8}.SingleImage|Any CPU.Build.0 = SingleImage
		{83CA3DB8-0155-4F9E-8DDA-35AA9098E7A8}.SingleImage|Mixed Platforms.ActiveCfg = SingleImage
		{83CA3DB8-0155-4F9E-8DDA-35AA9098E7A8}.SingleImage|Mixed Platforms.Build.0 = SingleImage
		{83CA3DB8-0155-4F9E-8DDA-35AA9098E7A8}.SingleImage|Win32.ActiveCfg = SingleImage
		{83CA3DB8-0155-4F9E-8DDA-35AA9098E7A8}.SingleImage|Win32.Build.0 = SingleImage
		{83CA3DB8-0155-4F9E-8DDA-35AA9098E7A8}.SingleImage|x64.ActiveCfg = SingleImage
		{83CA3DB8-0155-4F9E-8DDA-35AA9098E7A8}.SingleImage|x64.Build.0 = SingleImage
		{84373324-5261-45D7-AA92-5C4A88C07233}.CD_ROM|Any CPU.ActiveCfg = DebugARM|Win32
		{84373324-5261-45D7-AA92-5C4A88C07233}.CD_ROM|Mixed Platforms.ActiveCfg = DebugARM|Win32
		{84373324-5261-45D7-AA92-5C4A88C07233}.CD_ROM|Mixed Platforms.Build.0 = DebugARM|Win32
		{84373324-5261-45D7-AA92-5C4A88C07233}.CD_ROM|Win32.ActiveCfg = DebugARM|Win32
		{84373324-5261-45D7-AA92-5C4A88C07233}.CD_ROM|Win32.Build.0 = DebugARM|Win32
		{84373324-5261-45D7-AA92-5C4A88C07233}.CD_ROM|x64.ActiveCfg = DebugARM|x64
		{84373324-5261-45D7-AA92-5C4A88C07233}.CD_ROM|x64.Build.0 = DebugARM|x64
		{84373324-5261-45D7-AA92-5C4A88C07233}.DVD-5|Any CPU.ActiveCfg = DebugARM|Win32
		{84373324-5261-45D7-AA92-5C4A88C07233}.DVD-5|Mixed Platforms.ActiveCfg = DebugARM|Win32
		{84373324-5261-45D7-AA92-5C4A88C07233}.DVD-5|Mixed Platforms.Build.0 = DebugARM|Win32
		{84373324-5261-45D7-AA92-5C4A88C07233}.DVD-5|Win32.ActiveCfg = DebugARM|Win32
		{84373324-5261-45D7-AA92-5C4A88C07233}.DVD-5|Win32.Build.0 = DebugARM|Win32
		{84373324-5261-45D7-AA92-5C4A88C07233}.DVD-5|x64.ActiveCfg = DebugARM|x64
		{84373324-5261-45D7-AA92-5C4A88C07233}.DVD-5|x64.Build.0 = DebugARM|x64
		{84373324-5261-45D7-AA92-5C4A88C07233}.Debug64|Any CPU.ActiveCfg = Debug64|x64
		{84373324-5261-45D7-AA92-5C4A88C07233}.Debug64|Mixed Platforms.ActiveCfg = Debug64|x64
		{84373324-5261-45D7-AA92-5C4A88C07233}.Debug64|Mixed Platforms.Build.0 = Debug64|x64
		{84373324-5261-45D7-AA92-5C4A88C07233}.Debug64|Win32.ActiveCfg = Debug64|Win32
		{84373324-5261-45D7-AA92-5C4A88C07233}.Debug64|Win32.Build.0 = Debug64|Win32
		{84373324-5261-45D7-AA92-5C4A88C07233}.Debug64|x64.ActiveCfg = Debug64|x64
		{84373324-5261-45D7-AA92-5C4A88C07233}.Debug64|x64.Build.0 = Debug64|x64
		{84373324-5261-45D7-AA92-5C4A88C07233}.DebugARM|Any CPU.ActiveCfg = Debug|x64
		{84373324-5261-45D7-AA92-5C4A88C07233}.DebugARM|Mixed Platforms.ActiveCfg = DebugARM|ARM
		{84373324-5261-45D7-AA92-5C4A88C07233}.DebugARM|Mixed Platforms.Build.0 = DebugARM|ARM
		{84373324-5261-45D7-AA92-5C4A88C07233}.DebugARM|Win32.ActiveCfg = Debug|Win32
		{84373324-5261-45D7-AA92-5C4A88C07233}.DebugARM|Win32.Build.0 = Debug|Win32
		{84373324-5261-45D7-AA92-5C4A88C07233}.DebugARM|x64.ActiveCfg = Debug|x64
		{84373324-5261-45D7-AA92-5C4A88C07233}.DebugARM|x64.Build.0 = Debug|x64
		{84373324-5261-45D7-AA92-5C4A88C07233}.DebugItanium|Any CPU.ActiveCfg = Debug|x64
		{84373324-5261-45D7-AA92-5C4A88C07233}.DebugItanium|Mixed Platforms.ActiveCfg = DebugItanium|Win32
		{84373324-5261-45D7-AA92-5C4A88C07233}.DebugItanium|Mixed Platforms.Build.0 = DebugItanium|Win32
		{84373324-5261-45D7-AA92-5C4A88C07233}.DebugItanium|Win32.ActiveCfg = Debug|x64
		{84373324-5261-45D7-AA92-5C4A88C07233}.DebugItanium|x64.ActiveCfg = Debug|x64
		{84373324-5261-45D7-AA92-5C4A88C07233}.DebugItanium|x64.Build.0 = Debug|x64
		{84373324-5261-45D7-AA92-5C4A88C07233}.Debug|Any CPU.ActiveCfg = Debug|x64
		{84373324-5261-45D7-AA92-5C4A88C07233}.Debug|Mixed Platforms.ActiveCfg = Debug|Win32
		{84373324-5261-45D7-AA92-5C4A88C07233}.Debug|Mixed Platforms.Build.0 = Debug|Win32
		{84373324-5261-45D7-AA92-5C4A88C07233}.Debug|Win32.ActiveCfg = Debug|Win32
		{84373324-5261-45D7-AA92-5C4A88C07233}.Debug|Win32.Build.0 = Debug|Win32
		{84373324-5261-45D7-AA92-5C4A88C07233}.Debug|x64.ActiveCfg = Debug|x64
		{84373324-5261-45D7-AA92-5C4A88C07233}.Debug|x64.Build.0 = Debug|x64
		{84373324-5261-45D7-AA92-5C4A88C07233}.Release64|Any CPU.ActiveCfg = Release|x64
		{84373324-5261-45D7-AA92-5C4A88C07233}.Release64|Mixed Platforms.ActiveCfg = Release64|x64
		{84373324-5261-45D7-AA92-5C4A88C07233}.Release64|Mixed Platforms.Build.0 = Release64|x64
		{84373324-5261-45D7-AA92-5C4A88C07233}.Release64|Win32.ActiveCfg = Release|x64
		{84373324-5261-45D7-AA92-5C4A88C07233}.Release64|x64.ActiveCfg = Release|x64
		{84373324-5261-45D7-AA92-5C4A88C07233}.Release64|x64.Build.0 = Release|x64
		{84373324-5261-45D7-AA92-5C4A88C07233}.ReleaseARM|Any CPU.ActiveCfg = Release|x64
		{84373324-5261-45D7-AA92-5C4A88C07233}.ReleaseARM|Mixed Platforms.ActiveCfg = ReleaseARM|ARM
		{84373324-5261-45D7-AA92-5C4A88C07233}.ReleaseARM|Mixed Platforms.Build.0 = ReleaseARM|ARM
		{84373324-5261-45D7-AA92-5C4A88C07233}.ReleaseARM|Win32.ActiveCfg = Release|Win32
		{84373324-5261-45D7-AA92-5C4A88C07233}.ReleaseARM|Win32.Build.0 = Release|Win32
		{84373324-5261-45D7-AA92-5C4A88C07233}.ReleaseARM|x64.ActiveCfg = Release|x64
		{84373324-5261-45D7-AA92-5C4A88C07233}.ReleaseARM|x64.Build.0 = Release|x64
		{84373324-5261-45D7-AA92-5C4A88C07233}.ReleaseItanium|Any CPU.ActiveCfg = Release|x64
		{84373324-5261-45D7-AA92-5C4A88C07233}.ReleaseItanium|Mixed Platforms.ActiveCfg = ReleaseItanium|Win32
		{84373324-5261-45D7-AA92-5C4A88C07233}.ReleaseItanium|Mixed Platforms.Build.0 = ReleaseItanium|Win32
		{84373324-5261-45D7-AA92-5C4A88C07233}.ReleaseItanium|Win32.ActiveCfg = Release|x64
		{84373324-5261-45D7-AA92-5C4A88C07233}.ReleaseItanium|x64.ActiveCfg = Release|x64
		{84373324-5261-45D7-AA92-5C4A88C07233}.ReleaseItanium|x64.Build.0 = Release|x64
		{84373324-5261-45D7-AA92-5C4A88C07233}.Release|Any CPU.ActiveCfg = Release|x64
		{84373324-5261-45D7-AA92-5C4A88C07233}.Release|Mixed Platforms.ActiveCfg = Release|Win32
		{84373324-5261-45D7-AA92-5C4A88C07233}.Release|Mixed Platforms.Build.0 = Release|Win32
		{84373324-5261-45D7-AA92-5C4A88C07233}.Release|Win32.ActiveCfg = Release|Win32
		{84373324-5261-45D7-AA92-5C4A88C07233}.Release|Win32.Build.0 = Release|Win32
		{84373324-5261-45D7-AA92-5C4A88C07233}.Release|x64.ActiveCfg = Release|x64
		{84373324-5261-45D7-AA92-5C4A88C07233}.Release|x64.Build.0 = Release|x64
		{84373324-5261-45D7-AA92-5C4A88C07233}.SingleImage|Any CPU.ActiveCfg = DebugARM|Win32
		{84373324-5261-45D7-AA92-5C4A88C07233}.SingleImage|Mixed Platforms.ActiveCfg = DebugARM|Win32
		{84373324-5261-45D7-AA92-5C4A88C07233}.SingleImage|Mixed Platforms.Build.0 = DebugARM|Win32
		{84373324-5261-45D7-AA92-5C4A88C07233}.SingleImage|Win32.ActiveCfg = DebugARM|Win32
		{84373324-5261-45D7-AA92-5C4A88C07233}.SingleImage|Win32.Build.0 = DebugARM|Win32
		{84373324-5261-45D7-AA92-5C4A88C07233}.SingleImage|x64.ActiveCfg = DebugARM|x64
		{84373324-5261-45D7-AA92-5C4A88C07233}.SingleImage|x64.Build.0 = DebugARM|x64
		{BDF56BB0-87A9-4B68-81D2-9E9435CD3AF5}.CD_ROM|Any CPU.ActiveCfg = DebugARM|Win32
		{BDF56BB0-87A9-4B68-81D2-9E9435CD3AF5}.CD_ROM|Mixed Platforms.ActiveCfg = DebugARM|Win32
		{BDF56BB0-87A9-4B68-81D2-9E9435CD3AF5}.CD_ROM|Mixed Platforms.Build.0 = DebugARM|Win32
		{BDF56BB0-87A9-4B68-81D2-9E9435CD3AF5}.CD_ROM|Win32.ActiveCfg = DebugARM|Win32
		{BDF56BB0-87A9-4B68-81D2-9E9435CD3AF5}.CD_ROM|Win32.Build.0 = DebugARM|Win32
		{BDF56BB0-87A9-4B68-81D2-9E9435CD3AF5}.CD_ROM|x64.ActiveCfg = DebugARM|x64
		{BDF56BB0-87A9-4B68-81D2-9E9435CD3AF5}.CD_ROM|x64.Build.0 = DebugARM|x64
		{BDF56BB0-87A9-4B68-81D2-9E9435CD3AF5}.DVD-5|Any CPU.ActiveCfg = DebugARM|Win32
		{BDF56BB0-87A9-4B68-81D2-9E9435CD3AF5}.DVD-5|Mixed Platforms.ActiveCfg = DebugARM|Win32
		{BDF56BB0-87A9-4B68-81D2-9E9435CD3AF5}.DVD-5|Mixed Platforms.Build.0 = DebugARM|Win32
		{BDF56BB0-87A9-4B68-81D2-9E9435CD3AF5}.DVD-5|Win32.ActiveCfg = DebugARM|Win32
		{BDF56BB0-87A9-4B68-81D2-9E9435CD3AF5}.DVD-5|Win32.Build.0 = DebugARM|Win32
		{BDF56BB0-87A9-4B68-81D2-9E9435CD3AF5}.DVD-5|x64.ActiveCfg = DebugARM|x64
		{BDF56BB0-87A9-4B68-81D2-9E9435CD3AF5}.DVD-5|x64.Build.0 = DebugARM|x64
		{BDF56BB0-87A9-4B68-81D2-9E9435CD3AF5}.Debug64|Any CPU.ActiveCfg = Debug64|x64
		{BDF56BB0-87A9-4B68-81D2-9E9435CD3AF5}.Debug64|Mixed Platforms.ActiveCfg = Debug64|x64
		{BDF56BB0-87A9-4B68-81D2-9E9435CD3AF5}.Debug64|Win32.ActiveCfg = Debug64|Win32
		{BDF56BB0-87A9-4B68-81D2-9E9435CD3AF5}.Debug64|Win32.Build.0 = Debug64|Win32
		{BDF56BB0-87A9-4B68-81D2-9E9435CD3AF5}.Debug64|x64.ActiveCfg = Debug64|x64
		{BDF56BB0-87A9-4B68-81D2-9E9435CD3AF5}.Debug64|x64.Build.0 = Debug64|x64
		{BDF56BB0-87A9-4B68-81D2-9E9435CD3AF5}.DebugARM|Any CPU.ActiveCfg = Debug|x64
		{BDF56BB0-87A9-4B68-81D2-9E9435CD3AF5}.DebugARM|Mixed Platforms.ActiveCfg = DebugARM|ARM
		{BDF56BB0-87A9-4B68-81D2-9E9435CD3AF5}.DebugARM|Win32.ActiveCfg = Debug|Win32
		{BDF56BB0-87A9-4B68-81D2-9E9435CD3AF5}.DebugARM|Win32.Build.0 = Debug|Win32
		{BDF56BB0-87A9-4B68-81D2-9E9435CD3AF5}.DebugARM|x64.ActiveCfg = Debug|x64
		{BDF56BB0-87A9-4B68-81D2-9E9435CD3AF5}.DebugARM|x64.Build.0 = Debug|x64
		{BDF56BB0-87A9-4B68-81D2-9E9435CD3AF5}.DebugItanium|Any CPU.ActiveCfg = Debug|x64
		{BDF56BB0-87A9-4B68-81D2-9E9435CD3AF5}.DebugItanium|Mixed Platforms.ActiveCfg = DebugItanium|Win32
		{BDF56BB0-87A9-4B68-81D2-9E9435CD3AF5}.DebugItanium|Mixed Platforms.Build.0 = DebugItanium|Win32
		{BDF56BB0-87A9-4B68-81D2-9E9435CD3AF5}.DebugItanium|Win32.ActiveCfg = Debug|x64
		{BDF56BB0-87A9-4B68-81D2-9E9435CD3AF5}.DebugItanium|x64.ActiveCfg = Debug|x64
		{BDF56BB0-87A9-4B68-81D2-9E9435CD3AF5}.DebugItanium|x64.Build.0 = Debug|x64
		{BDF56BB0-87A9-4B68-81D2-9E9435CD3AF5}.Debug|Any CPU.ActiveCfg = Debug|x64
		{BDF56BB0-87A9-4B68-81D2-9E9435CD3AF5}.Debug|Mixed Platforms.ActiveCfg = Debug|Win32
		{BDF56BB0-87A9-4B68-81D2-9E9435CD3AF5}.Debug|Win32.ActiveCfg = Debug|Win32
		{BDF56BB0-87A9-4B68-81D2-9E9435CD3AF5}.Debug|Win32.Build.0 = Debug|Win32
		{BDF56BB0-87A9-4B68-81D2-9E9435CD3AF5}.Debug|x64.ActiveCfg = Debug|x64
		{BDF56BB0-87A9-4B68-81D2-9E9435CD3AF5}.Debug|x64.Build.0 = Debug|x64
		{BDF56BB0-87A9-4B68-81D2-9E9435CD3AF5}.Release64|Any CPU.ActiveCfg = Release|x64
		{BDF56BB0-87A9-4B68-81D2-9E9435CD3AF5}.Release64|Mixed Platforms.ActiveCfg = Release64|x64
		{BDF56BB0-87A9-4B68-81D2-9E9435CD3AF5}.Release64|Win32.ActiveCfg = Release|x64
		{BDF56BB0-87A9-4B68-81D2-9E9435CD3AF5}.Release64|x64.ActiveCfg = Release|x64
		{BDF56BB0-87A9-4B68-81D2-9E9435CD3AF5}.Release64|x64.Build.0 = Release|x64
		{BDF56BB0-87A9-4B68-81D2-9E9435CD3AF5}.ReleaseARM|Any CPU.ActiveCfg = Release|x64
		{BDF56BB0-87A9-4B68-81D2-9E9435CD3AF5}.ReleaseARM|Mixed Platforms.ActiveCfg = ReleaseARM|ARM
		{BDF56BB0-87A9-4B68-81D2-9E9435CD3AF5}.ReleaseARM|Win32.ActiveCfg = Release|Win32
		{BDF56BB0-87A9-4B68-81D2-9E9435CD3AF5}.ReleaseARM|Win32.Build.0 = Release|Win32
		{BDF56BB0-87A9-4B68-81D2-9E9435CD3AF5}.ReleaseARM|x64.ActiveCfg = Release|x64
		{BDF56BB0-87A9-4B68-81D2-9E9435CD3AF5}.ReleaseARM|x64.Build.0 = Release|x64
		{BDF56BB0-87A9-4B68-81D2-9E9435CD3AF5}.ReleaseItanium|Any CPU.ActiveCfg = Release|x64
		{BDF56BB0-87A9-4B68-81D2-9E9435CD3AF5}.ReleaseItanium|Mixed Platforms.ActiveCfg = ReleaseItanium|Win32
		{BDF56BB0-87A9-4B68-81D2-9E9435CD3AF5}.ReleaseItanium|Mixed Platforms.Build.0 = ReleaseItanium|Win32
		{BDF56BB0-87A9-4B68-81D2-9E9435CD3AF5}.ReleaseItanium|Win32.ActiveCfg = Release|x64
		{BDF56BB0-87A9-4B68-81D2-9E9435CD3AF5}.ReleaseItanium|x64.ActiveCfg = Release|x64
		{BDF56BB0-87A9-4B68-81D2-9E9435CD3AF5}.ReleaseItanium|x64.Build.0 = Release|x64
		{BDF56BB0-87A9-4B68-81D2-9E9435CD3AF5}.Release|Any CPU.ActiveCfg = Release|x64
		{BDF56BB0-87A9-4B68-81D2-9E9435CD3AF5}.Release|Mixed Platforms.ActiveCfg = Release|Win32
		{BDF56BB0-87A9-4B68-81D2-9E9435CD3AF5}.Release|Win32.ActiveCfg = Release|Win32
		{BDF56BB0-87A9-4B68-81D2-9E9435CD3AF5}.Release|Win32.Build.0 = Release|Win32
		{BDF56BB0-87A9-4B68-81D2-9E9435CD3AF5}.Release|x64.ActiveCfg = Release|x64
		{BDF56BB0-87A9-4B68-81D2-9E9435CD3AF5}.Release|x64.Build.0 = Release|x64
		{BDF56BB0-87A9-4B68-81D2-9E9435CD3AF5}.SingleImage|Any CPU.ActiveCfg = DebugARM|Win32
		{BDF56BB0-87A9-4B68-81D2-9E9435CD3AF5}.SingleImage|Mixed Platforms.ActiveCfg = DebugARM|Win32
		{BDF56BB0-87A9-4B68-81D2-9E9435CD3AF5}.SingleImage|Mixed Platforms.Build.0 = DebugARM|Win32
		{BDF56BB0-87A9-4B68-81D2-9E9435CD3AF5}.SingleImage|Win32.ActiveCfg = DebugARM|Win32
		{BDF56BB0-87A9-4B68-81D2-9E9435CD3AF5}.SingleImage|Win32.Build.0 = DebugARM|Win32
		{BDF56BB0-87A9-4B68-81D2-9E9435CD3AF5}.SingleImage|x64.ActiveCfg = DebugARM|x64
		{BDF56BB0-87A9-4B68-81D2-9E9435CD3AF5}.SingleImage|x64.Build.0 = DebugARM|x64
		{CBFD5A87-0104-472C-8411-95DA030CDE6E}.CD_ROM|Any CPU.ActiveCfg = Release|Any CPU
		{CBFD5A87-0104-472C-8411-95DA030CDE6E}.CD_ROM|Any CPU.Build.0 = Release|Any CPU
		{CBFD5A87-0104-472C-8411-95DA030CDE6E}.CD_ROM|Mixed Platforms.ActiveCfg = Release|Any CPU
		{CBFD5A87-0104-472C-8411-95DA030CDE6E}.CD_ROM|Mixed Platforms.Build.0 = Release|Any CPU
		{CBFD5A87-0104-472C-8411-95DA030CDE6E}.CD_ROM|Win32.ActiveCfg = Release|Any CPU
		{CBFD5A87-0104-472C-8411-95DA030CDE6E}.CD_ROM|x64.ActiveCfg = Release|Any CPU
		{CBFD5A87-0104-472C-8411-95DA030CDE6E}.DVD-5|Any CPU.ActiveCfg = Debug|Any CPU
		{CBFD5A87-0104-472C-8411-95DA030CDE6E}.DVD-5|Any CPU.Build.0 = Debug|Any CPU
		{CBFD5A87-0104-472C-8411-95DA030CDE6E}.DVD-5|Mixed Platforms.ActiveCfg = Debug|Any CPU
		{CBFD5A87-0104-472C-8411-95DA030CDE6E}.DVD-5|Mixed Platforms.Build.0 = Debug|Any CPU
		{CBFD5A87-0104-472C-8411-95DA030CDE6E}.DVD-5|Win32.ActiveCfg = Debug|Any CPU
		{CBFD5A87-0104-472C-8411-95DA030CDE6E}.DVD-5|x64.ActiveCfg = Debug|Any CPU
		{CBFD5A87-0104-472C-8411-95DA030CDE6E}.Debug64|Any CPU.ActiveCfg = Debug|Any CPU
		{CBFD5A87-0104-472C-8411-95DA030CDE6E}.Debug64|Any CPU.Build.0 = Debug|Any CPU
		{CBFD5A87-0104-472C-8411-95DA030CDE6E}.Debug64|Mixed Platforms.ActiveCfg = Debug|Any CPU
		{CBFD5A87-0104-472C-8411-95DA030CDE6E}.Debug64|Mixed Platforms.Build.0 = Debug|Any CPU
		{CBFD5A87-0104-472C-8411-95DA030CDE6E}.Debug64|Win32.ActiveCfg = Debug|Any CPU
		{CBFD5A87-0104-472C-8411-95DA030CDE6E}.Debug64|x64.ActiveCfg = Debug|Any CPU
		{CBFD5A87-0104-472C-8411-95DA030CDE6E}.DebugARM|Any CPU.ActiveCfg = Debug|Any CPU
		{CBFD5A87-0104-472C-8411-95DA030CDE6E}.DebugARM|Any CPU.Build.0 = Debug|Any CPU
		{CBFD5A87-0104-472C-8411-95DA030CDE6E}.DebugARM|Mixed Platforms.ActiveCfg = Debug|Any CPU
		{CBFD5A87-0104-472C-8411-95DA030CDE6E}.DebugARM|Mixed Platforms.Build.0 = Debug|Any CPU
		{CBFD5A87-0104-472C-8411-95DA030CDE6E}.DebugARM|Win32.ActiveCfg = Debug|Any CPU
		{CBFD5A87-0104-472C-8411-95DA030CDE6E}.DebugARM|x64.ActiveCfg = Debug|Any CPU
		{CBFD5A87-0104-472C-8411-95DA030CDE6E}.DebugItanium|Any CPU.ActiveCfg = Debug|Any CPU
		{CBFD5A87-0104-472C-8411-95DA030CDE6E}.DebugItanium|Any CPU.Build.0 = Debug|Any CPU
		{CBFD5A87-0104-472C-8411-95DA030CDE6E}.DebugItanium|Mixed Platforms.ActiveCfg = Debug|Any CPU
		{CBFD5A87-0104-472C-8411-95DA030CDE6E}.DebugItanium|Mixed Platforms.Build.0 = Debug|Any CPU
		{CBFD5A87-0104-472C-8411-95DA030CDE6E}.DebugItanium|Win32.ActiveCfg = Debug|Any CPU
		{CBFD5A87-0104-472C-8411-95DA030CDE6E}.DebugItanium|x64.ActiveCfg = Debug|Any CPU
		{CBFD5A87-0104-472C-8411-95DA030CDE6E}.Debug|Any CPU.ActiveCfg = Debug|Any CPU
		{CBFD5A87-0104-472C-8411-95DA030CDE6E}.Debug|Any CPU.Build.0 = Debug|Any CPU
		{CBFD5A87-0104-472C-8411-95DA030CDE6E}.Debug|Mixed Platforms.ActiveCfg = Debug|Any CPU
		{CBFD5A87-0104-472C-8411-95DA030CDE6E}.Debug|Mixed Platforms.Build.0 = Debug|Any CPU
		{CBFD5A87-0104-472C-8411-95DA030CDE6E}.Debug|Win32.ActiveCfg = Debug|Any CPU
		{CBFD5A87-0104-472C-8411-95DA030CDE6E}.Debug|x64.ActiveCfg = Debug|Any CPU
		{CBFD5A87-0104-472C-8411-95DA030CDE6E}.Release64|Any CPU.ActiveCfg = Release|Any CPU
		{CBFD5A87-0104-472C-8411-95DA030CDE6E}.Release64|Any CPU.Build.0 = Release|Any CPU
		{CBFD5A87-0104-472C-8411-95DA030CDE6E}.Release64|Mixed Platforms.ActiveCfg = Release|Any CPU
		{CBFD5A87-0104-472C-8411-95DA030CDE6E}.Release64|Mixed Platforms.Build.0 = Release|Any CPU
		{CBFD5A87-0104-472C-8411-95DA030CDE6E}.Release64|Win32.ActiveCfg = Release|Any CPU
		{CBFD5A87-0104-472C-8411-95DA030CDE6E}.Release64|x64.ActiveCfg = Release|Any CPU
		{CBFD5A87-0104-472C-8411-95DA030CDE6E}.ReleaseARM|Any CPU.ActiveCfg = Release|Any CPU
		{CBFD5A87-0104-472C-8411-95DA030CDE6E}.ReleaseARM|Any CPU.Build.0 = Release|Any CPU
		{CBFD5A87-0104-472C-8411-95DA030CDE6E}.ReleaseARM|Mixed Platforms.ActiveCfg = Release|Any CPU
		{CBFD5A87-0104-472C-8411-95DA030CDE6E}.ReleaseARM|Mixed Platforms.Build.0 = Release|Any CPU
		{CBFD5A87-0104-472C-8411-95DA030CDE6E}.ReleaseARM|Win32.ActiveCfg = Release|Any CPU
		{CBFD5A87-0104-472C-8411-95DA030CDE6E}.ReleaseARM|x64.ActiveCfg = Release|Any CPU
		{CBFD5A87-0104-472C-8411-95DA030CDE6E}.ReleaseItanium|Any CPU.ActiveCfg = Release|Any CPU
		{CBFD5A87-0104-472C-8411-95DA030CDE6E}.ReleaseItanium|Any CPU.Build.0 = Release|Any CPU
		{CBFD5A87-0104-472C-8411-95DA030CDE6E}.ReleaseItanium|Mixed Platforms.ActiveCfg = Release|Any CPU
		{CBFD5A87-0104-472C-8411-95DA030CDE6E}.ReleaseItanium|Mixed Platforms.Build.0 = Release|Any CPU
		{CBFD5A87-0104-472C-8411-95DA030CDE6E}.ReleaseItanium|Win32.ActiveCfg = Release|Any CPU
		{CBFD5A87-0104-472C-8411-95DA030CDE6E}.ReleaseItanium|x64.ActiveCfg = Release|Any CPU
		{CBFD5A87-0104-472C-8411-95DA030CDE6E}.Release|Any CPU.ActiveCfg = Release|Any CPU
		{CBFD5A87-0104-472C-8411-95DA030CDE6E}.Release|Any CPU.Build.0 = Release|Any CPU
		{CBFD5A87-0104-472C-8411-95DA030CDE6E}.Release|Mixed Platforms.ActiveCfg = Release|Any CPU
		{CBFD5A87-0104-472C-8411-95DA030CDE6E}.Release|Mixed Platforms.Build.0 = Release|Any CPU
		{CBFD5A87-0104-472C-8411-95DA030CDE6E}.Release|Win32.ActiveCfg = Release|Any CPU
		{CBFD5A87-0104-472C-8411-95DA030CDE6E}.Release|x64.ActiveCfg = Release|Any CPU
		{CBFD5A87-0104-472C-8411-95DA030CDE6E}.SingleImage|Any CPU.ActiveCfg = Release|Any CPU
		{CBFD5A87-0104-472C-8411-95DA030CDE6E}.SingleImage|Any CPU.Build.0 = Release|Any CPU
		{CBFD5A87-0104-472C-8411-95DA030CDE6E}.SingleImage|Mixed Platforms.ActiveCfg = Release|Any CPU
		{CBFD5A87-0104-472C-8411-95DA030CDE6E}.SingleImage|Mixed Platforms.Build.0 = Release|Any CPU
		{CBFD5A87-0104-472C-8411-95DA030CDE6E}.SingleImage|Win32.ActiveCfg = Release|Any CPU
		{CBFD5A87-0104-472C-8411-95DA030CDE6E}.SingleImage|x64.ActiveCfg = Release|Any CPU
		{D47ED1EB-2327-4D35-97D5-42FC6239B925}.CD_ROM|Any CPU.ActiveCfg = Release|Any CPU
		{D47ED1EB-2327-4D35-97D5-42FC6239B925}.CD_ROM|Any CPU.Build.0 = Release|Any CPU
		{D47ED1EB-2327-4D35-97D5-42FC6239B925}.CD_ROM|Mixed Platforms.ActiveCfg = Release|Any CPU
		{D47ED1EB-2327-4D35-97D5-42FC6239B925}.CD_ROM|Mixed Platforms.Build.0 = Release|Any CPU
		{D47ED1EB-2327-4D35-97D5-42FC6239B925}.CD_ROM|Win32.ActiveCfg = Release|Any CPU
		{D47ED1EB-2327-4D35-97D5-42FC6239B925}.CD_ROM|x64.ActiveCfg = Release|Any CPU
		{D47ED1EB-2327-4D35-97D5-42FC6239B925}.DVD-5|Any CPU.ActiveCfg = Debug|Any CPU
		{D47ED1EB-2327-4D35-97D5-42FC6239B925}.DVD-5|Any CPU.Build.0 = Debug|Any CPU
		{D47ED1EB-2327-4D35-97D5-42FC6239B925}.DVD-5|Mixed Platforms.ActiveCfg = Debug|Any CPU
		{D47ED1EB-2327-4D35-97D5-42FC6239B925}.DVD-5|Mixed Platforms.Build.0 = Debug|Any CPU
		{D47ED1EB-2327-4D35-97D5-42FC6239B925}.DVD-5|Win32.ActiveCfg = Debug|Any CPU
		{D47ED1EB-2327-4D35-97D5-42FC6239B925}.DVD-5|x64.ActiveCfg = Debug|Any CPU
		{D47ED1EB-2327-4D35-97D5-42FC6239B925}.Debug64|Any CPU.ActiveCfg = Debug|Any CPU
		{D47ED1EB-2327-4D35-97D5-42FC6239B925}.Debug64|Any CPU.Build.0 = Debug|Any CPU
		{D47ED1EB-2327-4D35-97D5-42FC6239B925}.Debug64|Mixed Platforms.ActiveCfg = Debug|Any CPU
		{D47ED1EB-2327-4D35-97D5-42FC6239B925}.Debug64|Mixed Platforms.Build.0 = Debug|Any CPU
		{D47ED1EB-2327-4D35-97D5-42FC6239B925}.Debug64|Win32.ActiveCfg = Debug|Any CPU
		{D47ED1EB-2327-4D35-97D5-42FC6239B925}.Debug64|x64.ActiveCfg = Debug|Any CPU
		{D47ED1EB-2327-4D35-97D5-42FC6239B925}.DebugARM|Any CPU.ActiveCfg = Debug|Any CPU
		{D47ED1EB-2327-4D35-97D5-42FC6239B925}.DebugARM|Any CPU.Build.0 = Debug|Any CPU
		{D47ED1EB-2327-4D35-97D5-42FC6239B925}.DebugARM|Mixed Platforms.ActiveCfg = Debug|Any CPU
		{D47ED1EB-2327-4D35-97D5-42FC6239B925}.DebugARM|Mixed Platforms.Build.0 = Debug|Any CPU
		{D47ED1EB-2327-4D35-97D5-42FC6239B925}.DebugARM|Win32.ActiveCfg = Debug|Any CPU
		{D47ED1EB-2327-4D35-97D5-42FC6239B925}.DebugARM|x64.ActiveCfg = Debug|Any CPU
		{D47ED1EB-2327-4D35-97D5-42FC6239B925}.DebugItanium|Any CPU.ActiveCfg = Debug|Any CPU
		{D47ED1EB-2327-4D35-97D5-42FC6239B925}.DebugItanium|Any CPU.Build.0 = Debug|Any CPU
		{D47ED1EB-2327-4D35-97D5-42FC6239B925}.DebugItanium|Mixed Platforms.ActiveCfg = Debug|Any CPU
		{D47ED1EB-2327-4D35-97D5-42FC6239B925}.DebugItanium|Mixed Platforms.Build.0 = Debug|Any CPU
		{D47ED1EB-2327-4D35-97D5-42FC6239B925}.DebugItanium|Win32.ActiveCfg = Debug|Any CPU
		{D47ED1EB-2327-4D35-97D5-42FC6239B925}.DebugItanium|x64.ActiveCfg = Debug|Any CPU
		{D47ED1EB-2327-4D35-97D5-42FC6239B925}.Debug|Any CPU.ActiveCfg = Debug|Any CPU
		{D47ED1EB-2327-4D35-97D5-42FC6239B925}.Debug|Any CPU.Build.0 = Debug|Any CPU
		{D47ED1EB-2327-4D35-97D5-42FC6239B925}.Debug|Mixed Platforms.ActiveCfg = Debug|Any CPU
		{D47ED1EB-2327-4D35-97D5-42FC6239B925}.Debug|Mixed Platforms.Build.0 = Debug|Any CPU
		{D47ED1EB-2327-4D35-97D5-42FC6239B925}.Debug|Win32.ActiveCfg = Debug|Any CPU
		{D47ED1EB-2327-4D35-97D5-42FC6239B925}.Debug|x64.ActiveCfg = Debug|Any CPU
		{D47ED1EB-2327-4D35-97D5-42FC6239B925}.Release64|Any CPU.ActiveCfg = Release|Any CPU
		{D47ED1EB-2327-4D35-97D5-42FC6239B925}.Release64|Any CPU.Build.0 = Release|Any CPU
		{D47ED1EB-2327-4D35-97D5-42FC6239B925}.Release64|Mixed Platforms.ActiveCfg = Release|Any CPU
		{D47ED1EB-2327-4D35-97D5-42FC6239B925}.Release64|Mixed Platforms.Build.0 = Release|Any CPU
		{D47ED1EB-2327-4D35-97D5-42FC6239B925}.Release64|Win32.ActiveCfg = Release|Any CPU
		{D47ED1EB-2327-4D35-97D5-42FC6239B925}.Release64|x64.ActiveCfg = Release|Any CPU
		{D47ED1EB-2327-4D35-97D5-42FC6239B925}.ReleaseARM|Any CPU.ActiveCfg = Release|Any CPU
		{D47ED1EB-2327-4D35-97D5-42FC6239B925}.ReleaseARM|Any CPU.Build.0 = Release|Any CPU
		{D47ED1EB-2327-4D35-97D5-42FC6239B925}.ReleaseARM|Mixed Platforms.ActiveCfg = Release|Any CPU
		{D47ED1EB-2327-4D35-97D5-42FC6239B925}.ReleaseARM|Mixed Platforms.Build.0 = Release|Any CPU
		{D47ED1EB-2327-4D35-97D5-42FC6239B925}.ReleaseARM|Win32.ActiveCfg = Release|Any CPU
		{D47ED1EB-2327-4D35-97D5-42FC6239B925}.ReleaseARM|x64.ActiveCfg = Release|Any CPU
		{D47ED1EB-2327-4D35-97D5-42FC6239B925}.ReleaseItanium|Any CPU.ActiveCfg = Release|Any CPU
		{D47ED1EB-2327-4D35-97D5-42FC6239B925}.ReleaseItanium|Any CPU.Build.0 = Release|Any CPU
		{D47ED1EB-2327-4D35-97D5-42FC6239B925}.ReleaseItanium|Mixed Platforms.ActiveCfg = Release|Any CPU
		{D47ED1EB-2327-4D35-97D5-42FC6239B925}.ReleaseItanium|Mixed Platforms.Build.0 = Release|Any CPU
		{D47ED1EB-2327-4D35-97D5-42FC6239B925}.ReleaseItanium|Win32.ActiveCfg = Release|Any CPU
		{D47ED1EB-2327-4D35-97D5-42FC6239B925}.ReleaseItanium|x64.ActiveCfg = Release|Any CPU
		{D47ED1EB-2327-4D35-97D5-42FC6239B925}.Release|Any CPU.ActiveCfg = Release|Any CPU
		{D47ED1EB-2327-4D35-97D5-42FC6239B925}.Release|Any CPU.Build.0 = Release|Any CPU
		{D47ED1EB-2327-4D35-97D5-42FC6239B925}.Release|Mixed Platforms.ActiveCfg = Release|Any CPU
		{D47ED1EB-2327-4D35-97D5-42FC6239B925}.Release|Mixed Platforms.Build.0 = Release|Any CPU
		{D47ED1EB-2327-4D35-97D5-42FC6239B925}.Release|Win32.ActiveCfg = Release|Any CPU
		{D47ED1EB-2327-4D35-97D5-42FC6239B925}.Release|x64.ActiveCfg = Release|Any CPU
		{D47ED1EB-2327-4D35-97D5-42FC6239B925}.SingleImage|Any CPU.ActiveCfg = Release|Any CPU
		{D47ED1EB-2327-4D35-97D5-42FC6239B925}.SingleImage|Any CPU.Build.0 = Release|Any CPU
		{D47ED1EB-2327-4D35-97D5-42FC6239B925}.SingleImage|Mixed Platforms.ActiveCfg = Release|Any CPU
		{D47ED1EB-2327-4D35-97D5-42FC6239B925}.SingleImage|Mixed Platforms.Build.0 = Release|Any CPU
		{D47ED1EB-2327-4D35-97D5-42FC6239B925}.SingleImage|Win32.ActiveCfg = Release|Any CPU
		{D47ED1EB-2327-4D35-97D5-42FC6239B925}.SingleImage|x64.ActiveCfg = Release|Any CPU
		{D873958B-87F4-46F6-A6E8-B72FFB08835F}.CD_ROM|Any CPU.ActiveCfg = Release|Any CPU
		{D873958B-87F4-46F6-A6E8-B72FFB08835F}.CD_ROM|Any CPU.Build.0 = Release|Any CPU
		{D873958B-87F4-46F6-A6E8-B72FFB08835F}.CD_ROM|Mixed Platforms.ActiveCfg = Release|Any CPU
		{D873958B-87F4-46F6-A6E8-B72FFB08835F}.CD_ROM|Mixed Platforms.Build.0 = Release|Any CPU
		{D873958B-87F4-46F6-A6E8-B72FFB08835F}.CD_ROM|Win32.ActiveCfg = Release|Any CPU
		{D873958B-87F4-46F6-A6E8-B72FFB08835F}.CD_ROM|x64.ActiveCfg = Release|Any CPU
		{D873958B-87F4-46F6-A6E8-B72FFB08835F}.DVD-5|Any CPU.ActiveCfg = Debug|Any CPU
		{D873958B-87F4-46F6-A6E8-B72FFB08835F}.DVD-5|Any CPU.Build.0 = Debug|Any CPU
		{D873958B-87F4-46F6-A6E8-B72FFB08835F}.DVD-5|Mixed Platforms.ActiveCfg = Debug|Any CPU
		{D873958B-87F4-46F6-A6E8-B72FFB08835F}.DVD-5|Mixed Platforms.Build.0 = Debug|Any CPU
		{D873958B-87F4-46F6-A6E8-B72FFB08835F}.DVD-5|Win32.ActiveCfg = Debug|Any CPU
		{D873958B-87F4-46F6-A6E8-B72FFB08835F}.DVD-5|x64.ActiveCfg = Debug|Any CPU
		{D873958B-87F4-46F6-A6E8-B72FFB08835F}.Debug64|Any CPU.ActiveCfg = Debug|Any CPU
		{D873958B-87F4-46F6-A6E8-B72FFB08835F}.Debug64|Any CPU.Build.0 = Debug|Any CPU
		{D873958B-87F4-46F6-A6E8-B72FFB08835F}.Debug64|Mixed Platforms.ActiveCfg = Debug|Any CPU
		{D873958B-87F4-46F6-A6E8-B72FFB08835F}.Debug64|Mixed Platforms.Build.0 = Debug|Any CPU
		{D873958B-87F4-46F6-A6E8-B72FFB08835F}.Debug64|Win32.ActiveCfg = Debug|Any CPU
		{D873958B-87F4-46F6-A6E8-B72FFB08835F}.Debug64|x64.ActiveCfg = Debug|Any CPU
		{D873958B-87F4-46F6-A6E8-B72FFB08835F}.DebugARM|Any CPU.ActiveCfg = Debug|Any CPU
		{D873958B-87F4-46F6-A6E8-B72FFB08835F}.DebugARM|Any CPU.Build.0 = Debug|Any CPU
		{D873958B-87F4-46F6-A6E8-B72FFB08835F}.DebugARM|Mixed Platforms.ActiveCfg = Debug|Any CPU
		{D873958B-87F4-46F6-A6E8-B72FFB08835F}.DebugARM|Mixed Platforms.Build.0 = Debug|Any CPU
		{D873958B-87F4-46F6-A6E8-B72FFB08835F}.DebugARM|Win32.ActiveCfg = Debug|Any CPU
		{D873958B-87F4-46F6-A6E8-B72FFB08835F}.DebugARM|x64.ActiveCfg = Debug|Any CPU
		{D873958B-87F4-46F6-A6E8-B72FFB08835F}.DebugItanium|Any CPU.ActiveCfg = Debug|Any CPU
		{D873958B-87F4-46F6-A6E8-B72FFB08835F}.DebugItanium|Any CPU.Build.0 = Debug|Any CPU
		{D873958B-87F4-46F6-A6E8-B72FFB08835F}.DebugItanium|Mixed Platforms.ActiveCfg = Debug|Any CPU
		{D873958B-87F4-46F6-A6E8-B72FFB08835F}.DebugItanium|Mixed Platforms.Build.0 = Debug|Any CPU
		{D873958B-87F4-46F6-A6E8-B72FFB08835F}.DebugItanium|Win32.ActiveCfg = Debug|Any CPU
		{D873958B-87F4-46F6-A6E8-B72FFB08835F}.DebugItanium|x64.ActiveCfg = Debug|Any CPU
		{D873958B-87F4-46F6-A6E8-B72FFB08835F}.Debug|Any CPU.ActiveCfg = Debug|Any CPU
		{D873958B-87F4-46F6-A6E8-B72FFB08835F}.Debug|Any CPU.Build.0 = Debug|Any CPU
		{D873958B-87F4-46F6-A6E8-B72FFB08835F}.Debug|Mixed Platforms.ActiveCfg = Debug|Any CPU
		{D873958B-87F4-46F6-A6E8-B72FFB08835F}.Debug|Mixed Platforms.Build.0 = Debug|Any CPU
		{D873958B-87F4-46F6-A6E8-B72FFB08835F}.Debug|Win32.ActiveCfg = Debug|Any CPU
		{D873958B-87F4-46F6-A6E8-B72FFB08835F}.Debug|x64.ActiveCfg = Debug|Any CPU
		{D873958B-87F4-46F6-A6E8-B72FFB08835F}.Release64|Any CPU.ActiveCfg = Release|Any CPU
		{D873958B-87F4-46F6-A6E8-B72FFB08835F}.Release64|Any CPU.Build.0 = Release|Any CPU
		{D873958B-87F4-46F6-A6E8-B72FFB08835F}.Release64|Mixed Platforms.ActiveCfg = Release|Any CPU
		{D873958B-87F4-46F6-A6E8-B72FFB08835F}.Release64|Mixed Platforms.Build.0 = Release|Any CPU
		{D873958B-87F4-46F6-A6E8-B72FFB08835F}.Release64|Win32.ActiveCfg = Release|Any CPU
		{D873958B-87F4-46F6-A6E8-B72FFB08835F}.Release64|x64.ActiveCfg = Release|Any CPU
		{D873958B-87F4-46F6-A6E8-B72FFB08835F}.ReleaseARM|Any CPU.ActiveCfg = Release|Any CPU
		{D873958B-87F4-46F6-A6E8-B72FFB08835F}.ReleaseARM|Any CPU.Build.0 = Release|Any CPU
		{D873958B-87F4-46F6-A6E8-B72FFB08835F}.ReleaseARM|Mixed Platforms.ActiveCfg = Release|Any CPU
		{D873958B-87F4-46F6-A6E8-B72FFB08835F}.ReleaseARM|Mixed Platforms.Build.0 = Release|Any CPU
		{D873958B-87F4-46F6-A6E8-B72FFB08835F}.ReleaseARM|Win32.ActiveCfg = Release|Any CPU
		{D873958B-87F4-46F6-A6E8-B72FFB08835F}.ReleaseARM|x64.ActiveCfg = Release|Any CPU
		{D873958B-87F4-46F6-A6E8-B72FFB08835F}.ReleaseItanium|Any CPU.ActiveCfg = Release|Any CPU
		{D873958B-87F4-46F6-A6E8-B72FFB08835F}.ReleaseItanium|Any CPU.Build.0 = Release|Any CPU
		{D873958B-87F4-46F6-A6E8-B72FFB08835F}.ReleaseItanium|Mixed Platforms.ActiveCfg = Release|Any CPU
		{D873958B-87F4-46F6-A6E8-B72FFB08835F}.ReleaseItanium|Mixed Platforms.Build.0 = Release|Any CPU
		{D873958B-87F4-46F6-A6E8-B72FFB08835F}.ReleaseItanium|Win32.ActiveCfg = Release|Any CPU
		{D873958B-87F4-46F6-A6E8-B72FFB08835F}.ReleaseItanium|x64.ActiveCfg = Release|Any CPU
		{D873958B-87F4-46F6-A6E8-B72FFB08835F}.Release|Any CPU.ActiveCfg = Release|Any CPU
		{D873958B-87F4-46F6-A6E8-B72FFB08835F}.Release|Any CPU.Build.0 = Release|Any CPU
		{D873958B-87F4-46F6-A6E8-B72FFB08835F}.Release|Mixed Platforms.ActiveCfg = Release|Any CPU
		{D873958B-87F4-46F6-A6E8-B72FFB08835F}.Release|Mixed Platforms.Build.0 = Release|Any CPU
		{D873958B-87F4-46F6-A6E8-B72FFB08835F}.Release|Win32.ActiveCfg = Release|Any CPU
		{D873958B-87F4-46F6-A6E8-B72FFB08835F}.Release|x64.ActiveCfg = Release|Any CPU
		{D873958B-87F4-46F6-A6E8-B72FFB08835F}.SingleImage|Any CPU.ActiveCfg = Release|Any CPU
		{D873958B-87F4-46F6-A6E8-B72FFB08835F}.SingleImage|Any CPU.Build.0 = Release|Any CPU
		{D873958B-87F4-46F6-A6E8-B72FFB08835F}.SingleImage|Mixed Platforms.ActiveCfg = Release|Any CPU
		{D873958B-87F4-46F6-A6E8-B72FFB08835F}.SingleImage|Mixed Platforms.Build.0 = Release|Any CPU
		{D873958B-87F4-46F6-A6E8-B72FFB08835F}.SingleImage|Win32.ActiveCfg = Release|Any CPU
		{D873958B-87F4-46F6-A6E8-B72FFB08835F}.SingleImage|x64.ActiveCfg = Release|Any CPU
		{DFE16278-70B2-4B6C-84C0-1D41B04BEBDE}.CD_ROM|Any CPU.ActiveCfg = Release|Any CPU
		{DFE16278-70B2-4B6C-84C0-1D41B04BEBDE}.CD_ROM|Any CPU.Build.0 = Release|Any CPU
		{DFE16278-70B2-4B6C-84C0-1D41B04BEBDE}.CD_ROM|Mixed Platforms.ActiveCfg = Release|Any CPU
		{DFE16278-70B2-4B6C-84C0-1D41B04BEBDE}.CD_ROM|Mixed Platforms.Build.0 = Release|Any CPU
		{DFE16278-70B2-4B6C-84C0-1D41B04BEBDE}.CD_ROM|Win32.ActiveCfg = Release|Any CPU
		{DFE16278-70B2-4B6C-84C0-1D41B04BEBDE}.CD_ROM|x64.ActiveCfg = Release|Any CPU
		{DFE16278-70B2-4B6C-84C0-1D41B04BEBDE}.DVD-5|Any CPU.ActiveCfg = Debug|Any CPU
		{DFE16278-70B2-4B6C-84C0-1D41B04BEBDE}.DVD-5|Any CPU.Build.0 = Debug|Any CPU
		{DFE16278-70B2-4B6C-84C0-1D41B04BEBDE}.DVD-5|Mixed Platforms.ActiveCfg = Debug|Any CPU
		{DFE16278-70B2-4B6C-84C0-1D41B04BEBDE}.DVD-5|Mixed Platforms.Build.0 = Debug|Any CPU
		{DFE16278-70B2-4B6C-84C0-1D41B04BEBDE}.DVD-5|Win32.ActiveCfg = Debug|Any CPU
		{DFE16278-70B2-4B6C-84C0-1D41B04BEBDE}.DVD-5|x64.ActiveCfg = Debug|Any CPU
		{DFE16278-70B2-4B6C-84C0-1D41B04BEBDE}.Debug64|Any CPU.ActiveCfg = Debug|Any CPU
		{DFE16278-70B2-4B6C-84C0-1D41B04BEBDE}.Debug64|Any CPU.Build.0 = Debug|Any CPU
		{DFE16278-70B2-4B6C-84C0-1D41B04BEBDE}.Debug64|Mixed Platforms.ActiveCfg = Debug|Any CPU
		{DFE16278-70B2-4B6C-84C0-1D41B04BEBDE}.Debug64|Mixed Platforms.Build.0 = Debug|Any CPU
		{DFE16278-70B2-4B6C-84C0-1D41B04BEBDE}.Debug64|Win32.ActiveCfg = Debug|Any CPU
		{DFE16278-70B2-4B6C-84C0-1D41B04BEBDE}.Debug64|x64.ActiveCfg = Debug|Any CPU
		{DFE16278-70B2-4B6C-84C0-1D41B04BEBDE}.DebugARM|Any CPU.ActiveCfg = Debug|Any CPU
		{DFE16278-70B2-4B6C-84C0-1D41B04BEBDE}.DebugARM|Any CPU.Build.0 = Debug|Any CPU
		{DFE16278-70B2-4B6C-84C0-1D41B04BEBDE}.DebugARM|Mixed Platforms.ActiveCfg = Debug|Any CPU
		{DFE16278-70B2-4B6C-84C0-1D41B04BEBDE}.DebugARM|Mixed Platforms.Build.0 = Debug|Any CPU
		{DFE16278-70B2-4B6C-84C0-1D41B04BEBDE}.DebugARM|Win32.ActiveCfg = Debug|Any CPU
		{DFE16278-70B2-4B6C-84C0-1D41B04BEBDE}.DebugARM|x64.ActiveCfg = Debug|Any CPU
		{DFE16278-70B2-4B6C-84C0-1D41B04BEBDE}.DebugItanium|Any CPU.ActiveCfg = Debug|Any CPU
		{DFE16278-70B2-4B6C-84C0-1D41B04BEBDE}.DebugItanium|Any CPU.Build.0 = Debug|Any CPU
		{DFE16278-70B2-4B6C-84C0-1D41B04BEBDE}.DebugItanium|Mixed Platforms.ActiveCfg = Debug|Any CPU
		{DFE16278-70B2-4B6C-84C0-1D41B04BEBDE}.DebugItanium|Mixed Platforms.Build.0 = Debug|Any CPU
		{DFE16278-70B2-4B6C-84C0-1D41B04BEBDE}.DebugItanium|Win32.ActiveCfg = Debug|Any CPU
		{DFE16278-70B2-4B6C-84C0-1D41B04BEBDE}.DebugItanium|x64.ActiveCfg = Debug|Any CPU
		{DFE16278-70B2-4B6C-84C0-1D41B04BEBDE}.Debug|Any CPU.ActiveCfg = Debug|Any CPU
		{DFE16278-70B2-4B6C-84C0-1D41B04BEBDE}.Debug|Any CPU.Build.0 = Debug|Any CPU
		{DFE16278-70B2-4B6C-84C0-1D41B04BEBDE}.Debug|Mixed Platforms.ActiveCfg = Debug|Any CPU
		{DFE16278-70B2-4B6C-84C0-1D41B04BEBDE}.Debug|Mixed Platforms.Build.0 = Debug|Any CPU
		{DFE16278-70B2-4B6C-84C0-1D41B04BEBDE}.Debug|Win32.ActiveCfg = Debug|Any CPU
		{DFE16278-70B2-4B6C-84C0-1D41B04BEBDE}.Debug|x64.ActiveCfg = Debug|Any CPU
		{DFE16278-70B2-4B6C-84C0-1D41B04BEBDE}.Release64|Any CPU.ActiveCfg = Release|Any CPU
		{DFE16278-70B2-4B6C-84C0-1D41B04BEBDE}.Release64|Any CPU.Build.0 = Release|Any CPU
		{DFE16278-70B2-4B6C-84C0-1D41B04BEBDE}.Release64|Mixed Platforms.ActiveCfg = Release|Any CPU
		{DFE16278-70B2-4B6C-84C0-1D41B04BEBDE}.Release64|Mixed Platforms.Build.0 = Release|Any CPU
		{DFE16278-70B2-4B6C-84C0-1D41B04BEBDE}.Release64|Win32.ActiveCfg = Release|Any CPU
		{DFE16278-70B2-4B6C-84C0-1D41B04BEBDE}.Release64|x64.ActiveCfg = Release|Any CPU
		{DFE16278-70B2-4B6C-84C0-1D41B04BEBDE}.ReleaseARM|Any CPU.ActiveCfg = Release|Any CPU
		{DFE16278-70B2-4B6C-84C0-1D41B04BEBDE}.ReleaseARM|Any CPU.Build.0 = Release|Any CPU
		{DFE16278-70B2-4B6C-84C0-1D41B04BEBDE}.ReleaseARM|Mixed Platforms.ActiveCfg = Release|Any CPU
		{DFE16278-70B2-4B6C-84C0-1D41B04BEBDE}.ReleaseARM|Mixed Platforms.Build.0 = Release|Any CPU
		{DFE16278-70B2-4B6C-84C0-1D41B04BEBDE}.ReleaseARM|Win32.ActiveCfg = Release|Any CPU
		{DFE16278-70B2-4B6C-84C0-1D41B04BEBDE}.ReleaseARM|x64.ActiveCfg = Release|Any CPU
		{DFE16278-70B2-4B6C-84C0-1D41B04BEBDE}.ReleaseItanium|Any CPU.ActiveCfg = Release|Any CPU
		{DFE16278-70B2-4B6C-84C0-1D41B04BEBDE}.ReleaseItanium|Any CPU.Build.0 = Release|Any CPU
		{DFE16278-70B2-4B6C-84C0-1D41B04BEBDE}.ReleaseItanium|Mixed Platforms.ActiveCfg = Release|Any CPU
		{DFE16278-70B2-4B6C-84C0-1D41B04BEBDE}.ReleaseItanium|Mixed Platforms.Build.0 = Release|Any CPU
		{DFE16278-70B2-4B6C-84C0-1D41B04BEBDE}.ReleaseItanium|Win32.ActiveCfg = Release|Any CPU
		{DFE16278-70B2-4B6C-84C0-1D41B04BEBDE}.ReleaseItanium|x64.ActiveCfg = Release|Any CPU
		{DFE16278-70B2-4B6C-84C0-1D41B04BEBDE}.Release|Any CPU.ActiveCfg = Release|Any CPU
		{DFE16278-70B2-4B6C-84C0-1D41B04BEBDE}.Release|Any CPU.Build.0 = Release|Any CPU
		{DFE16278-70B2-4B6C-84C0-1D41B04BEBDE}.Release|Mixed Platforms.ActiveCfg = Release|Any CPU
		{DFE16278-70B2-4B6C-84C0-1D41B04BEBDE}.Release|Mixed Platforms.Build.0 = Release|Any CPU
		{DFE16278-70B2-4B6C-84C0-1D41B04BEBDE}.Release|Win32.ActiveCfg = Release|Any CPU
		{DFE16278-70B2-4B6C-84C0-1D41B04BEBDE}.Release|x64.ActiveCfg = Release|Any CPU
		{DFE16278-70B2-4B6C-84C0-1D41B04BEBDE}.SingleImage|Any CPU.ActiveCfg = Release|Any CPU
		{DFE16278-70B2-4B6C-84C0-1D41B04BEBDE}.SingleImage|Any CPU.Build.0 = Release|Any CPU
		{DFE16278-70B2-4B6C-84C0-1D41B04BEBDE}.SingleImage|Mixed Platforms.ActiveCfg = Release|Any CPU
		{DFE16278-70B2-4B6C-84C0-1D41B04BEBDE}.SingleImage|Mixed Platforms.Build.0 = Release|Any CPU
		{DFE16278-70B2-4B6C-84C0-1D41B04BEBDE}.SingleImage|Win32.ActiveCfg = Release|Any CPU
		{DFE16278-70B2-4B6C-84C0-1D41B04BEBDE}.SingleImage|x64.ActiveCfg = Release|Any CPU
	EndGlobalSection
	GlobalSection(SolutionProperties) = preSolution
		HideSolutionNode = FALSE
	EndGlobalSection
EndGlobal
