
Microsoft Visual Studio Solution File, Format Version 11.00
# Visual Studio 2010
Project("{FAE04EC0-301F-11D3-BF4B-00C04F79EFBC}") = "win-client", "win-client.csproj", "{D47ED1EB-2327-4D35-97D5-42FC6239B925}"
EndProject
Project("{FAE04EC0-301F-11D3-BF4B-00C04F79EFBC}") = "Dialog.Abstractions.Wpf", "Dialog.Abstractions.Wpf\Dialog.Abstractions.Wpf.csproj", "{3697919F-7A1E-43BA-BFDB-3EEC2553DD44}"
EndProject
Project("{FAE04EC0-301F-11D3-BF4B-00C04F79EFBC}") = "Dialog.Implementors.Wpf", "Dialog.Implementors.Wpf\Dialog.Implementors.Wpf.csproj", "{D873958B-87F4-46F6-A6E8-B72FFB08835F}"
EndProject
Project("{FAE04EC0-301F-11D3-BF4B-00C04F79EFBC}") = "CloudApiClassLibrary", "CloudApiClassLibrary\CloudApiClassLibrary.csproj", "{CBFD5A87-0104-472C-8411-95DA030CDE6E}"
EndProject
Global
	GlobalSection(SolutionConfigurationPlatforms) = preSolution
		Debug|Any CPU = Debug|Any CPU
		Release|Any CPU = Release|Any CPU
	EndGlobalSection
	GlobalSection(ProjectConfigurationPlatforms) = postSolution
		{D47ED1EB-2327-4D35-97D5-42FC6239B925}.Debug|Any CPU.ActiveCfg = Debug|Any CPU
		{D47ED1EB-2327-4D35-97D5-42FC6239B925}.Debug|Any CPU.Build.0 = Debug|Any CPU
		{D47ED1EB-2327-4D35-97D5-42FC6239B925}.Release|Any CPU.ActiveCfg = Release|Any CPU
		{D47ED1EB-2327-4D35-97D5-42FC6239B925}.Release|Any CPU.Build.0 = Release|Any CPU
		{3697919F-7A1E-43BA-BFDB-3EEC2553DD44}.Debug|Any CPU.ActiveCfg = Debug|Any CPU
		{3697919F-7A1E-43BA-BFDB-3EEC2553DD44}.Debug|Any CPU.Build.0 = Debug|Any CPU
		{3697919F-7A1E-43BA-BFDB-3EEC2553DD44}.Release|Any CPU.ActiveCfg = Release|Any CPU
		{3697919F-7A1E-43BA-BFDB-3EEC2553DD44}.Release|Any CPU.Build.0 = Release|Any CPU
		{D873958B-87F4-46F6-A6E8-B72FFB08835F}.Debug|Any CPU.ActiveCfg = Debug|Any CPU
		{D873958B-87F4-46F6-A6E8-B72FFB08835F}.Debug|Any CPU.Build.0 = Debug|Any CPU
		{D873958B-87F4-46F6-A6E8-B72FFB08835F}.Release|Any CPU.ActiveCfg = Release|Any CPU
		{D873958B-87F4-46F6-A6E8-B72FFB08835F}.Release|Any CPU.Build.0 = Release|Any CPU
		{CBFD5A87-0104-472C-8411-95DA030CDE6E}.Debug|Any CPU.ActiveCfg = Debug|Any CPU
		{CBFD5A87-0104-472C-8411-95DA030CDE6E}.Debug|Any CPU.Build.0 = Debug|Any CPU
		{CBFD5A87-0104-472C-8411-95DA030CDE6E}.Release|Any CPU.ActiveCfg = Release|Any CPU
		{CBFD5A87-0104-472C-8411-95DA030CDE6E}.Release|Any CPU.Build.0 = Release|Any CPU
	EndGlobalSection
	GlobalSection(SolutionProperties) = preSolution
		HideSolutionNode = FALSE
	EndGlobalSection
EndGlobal
