
Microsoft Visual Studio Solution File, Format Version 12.00
# Visual Studio 2012
Project("{FAE04EC0-301F-11D3-BF4B-00C04F79EFBC}") = "Sample-Live-Sync", "Sample-Live-Sync.csproj", "{40A9C587-10CD-4979-A289-2B06F550DB51}"
EndProject
Global
	GlobalSection(SolutionConfigurationPlatforms) = preSolution
		Debug|Any CPU = Debug|Any CPU
		Release|Any CPU = Release|Any CPU
	EndGlobalSection
	GlobalSection(ProjectConfigurationPlatforms) = postSolution
		{40A9C587-10CD-4979-A289-2B06F550DB51}.Debug|Any CPU.ActiveCfg = Debug|Any CPU
		{40A9C587-10CD-4979-A289-2B06F550DB51}.Debug|Any CPU.Build.0 = Debug|Any CPU
		{40A9C587-10CD-4979-A289-2B06F550DB51}.Release|Any CPU.ActiveCfg = Release|Any CPU
		{40A9C587-10CD-4979-A289-2B06F550DB51}.Release|Any CPU.Build.0 = Release|Any CPU
	EndGlobalSection
	GlobalSection(SolutionProperties) = preSolution
		HideSolutionNode = FALSE
	EndGlobalSection
EndGlobal
